// !$*UTF8*$!
{
	archiveVersion = 1;
	classes = {
	};
	objectVersion = 50;
	objects = {

/* Begin PBXBuildFile section */
		AD038C902340DE7400E5668E /* HBUtils.h in Headers */ = {isa = PBXBuildFile; fileRef = AD038C8E2340DE7400E5668E /* HBUtils.h */; settings = {ATTRIBUTES = (Public, ); }; };
		AD80D9D223535EB60069D78D /* UIView+HBUtils.h in Headers */ = {isa = PBXBuildFile; fileRef = AD80D9CC23535EB60069D78D /* UIView+HBUtils.h */; };
		AD80D9D423535EB60069D78D /* UICollectionView+HBUtils.m in Sources */ = {isa = PBXBuildFile; fileRef = AD80D9CE23535EB60069D78D /* UICollectionView+HBUtils.m */; };
		AD80D9D623535EB60069D78D /* UIView+HBUtils.m in Sources */ = {isa = PBXBuildFile; fileRef = AD80D9D023535EB60069D78D /* UIView+HBUtils.m */; };
		AD80D9D723535EB60069D78D /* UICollectionView+HBUtils.h in Headers */ = {isa = PBXBuildFile; fileRef = AD80D9D123535EB60069D78D /* UICollectionView+HBUtils.h */; };
		AD80D9D9235368020069D78D /* hbutils.podspec in Resources */ = {isa = PBXBuildFile; fileRef = AD80D9D8235368010069D78D /* hbutils.podspec */; };
		AD80D9DC23536C260069D78D /* HBUtilsMacros.h in Headers */ = {isa = PBXBuildFile; fileRef = AD80D9DA23536C260069D78D /* HBUtilsMacros.h */; };
		AD80D9DD23536C260069D78D /* HBUtilsMacros.m in Sources */ = {isa = PBXBuildFile; fileRef = AD80D9DB23536C260069D78D /* HBUtilsMacros.m */; };
		AD80DA2723536EA60069D78D /* UITextField+HBUtils.m in Sources */ = {isa = PBXBuildFile; fileRef = AD80DA1123536EA30069D78D /* UITextField+HBUtils.m */; };
		AD80DA2823536EA60069D78D /* NSObject+HBUtils.m in Sources */ = {isa = PBXBuildFile; fileRef = AD80DA1223536EA30069D78D /* NSObject+HBUtils.m */; };
		AD80DA2923536EA60069D78D /* NSArray+HBUtils.h in Headers */ = {isa = PBXBuildFile; fileRef = AD80DA1323536EA30069D78D /* NSArray+HBUtils.h */; };
		AD80DA2A23536EA60069D78D /* NSString+HBUtils.h in Headers */ = {isa = PBXBuildFile; fileRef = AD80DA1423536EA30069D78D /* NSString+HBUtils.h */; };
		AD80DA2B23536EA60069D78D /* UIButton+HBUtils.h in Headers */ = {isa = PBXBuildFile; fileRef = AD80DA1523536EA40069D78D /* UIButton+HBUtils.h */; };
		AD80DA2C23536EA60069D78D /* NSObject+HBUtils.h in Headers */ = {isa = PBXBuildFile; fileRef = AD80DA1623536EA40069D78D /* NSObject+HBUtils.h */; };
		AD80DA2D23536EA60069D78D /* NSAttributedString+HBUtils.h in Headers */ = {isa = PBXBuildFile; fileRef = AD80DA1723536EA40069D78D /* NSAttributedString+HBUtils.h */; };
		AD80DA2E23536EA60069D78D /* NSNumber+HBUtils.m in Sources */ = {isa = PBXBuildFile; fileRef = AD80DA1823536EA40069D78D /* NSNumber+HBUtils.m */; };
		AD80DA2F23536EA60069D78D /* NSDate+HBUtils.h in Headers */ = {isa = PBXBuildFile; fileRef = AD80DA1923536EA40069D78D /* NSDate+HBUtils.h */; };
		AD80DA3023536EA60069D78D /* UIImage+HBUtils.h in Headers */ = {isa = PBXBuildFile; fileRef = AD80DA1A23536EA40069D78D /* UIImage+HBUtils.h */; };
		AD80DA3123536EA60069D78D /* UILabel+HBUtils.h in Headers */ = {isa = PBXBuildFile; fileRef = AD80DA1B23536EA40069D78D /* UILabel+HBUtils.h */; };
		AD80DA3223536EA60069D78D /* UITextField+HBUtils.h in Headers */ = {isa = PBXBuildFile; fileRef = AD80DA1C23536EA40069D78D /* UITextField+HBUtils.h */; };
		AD80DA3323536EA60069D78D /* NSString+HBUtils.m in Sources */ = {isa = PBXBuildFile; fileRef = AD80DA1D23536EA40069D78D /* NSString+HBUtils.m */; };
		AD80DA3423536EA60069D78D /* NSDate+HBUtils.m in Sources */ = {isa = PBXBuildFile; fileRef = AD80DA1E23536EA50069D78D /* NSDate+HBUtils.m */; };
		AD80DA3523536EA60069D78D /* UIImage+HBUtils.m in Sources */ = {isa = PBXBuildFile; fileRef = AD80DA1F23536EA50069D78D /* UIImage+HBUtils.m */; };
		AD80DA3623536EA60069D78D /* UILabel+HBUtils.m in Sources */ = {isa = PBXBuildFile; fileRef = AD80DA2023536EA50069D78D /* UILabel+HBUtils.m */; };
		AD80DA3723536EA60069D78D /* NSAttributedString+HBUtils.m in Sources */ = {isa = PBXBuildFile; fileRef = AD80DA2123536EA50069D78D /* NSAttributedString+HBUtils.m */; };
		AD80DA3823536EA60069D78D /* NSDictionary+HBUtils.m in Sources */ = {isa = PBXBuildFile; fileRef = AD80DA2223536EA50069D78D /* NSDictionary+HBUtils.m */; };
		AD80DA3923536EA60069D78D /* NSArray+HBUtils.m in Sources */ = {isa = PBXBuildFile; fileRef = AD80DA2323536EA50069D78D /* NSArray+HBUtils.m */; };
		AD80DA3A23536EA60069D78D /* NSNumber+HBUtils.h in Headers */ = {isa = PBXBuildFile; fileRef = AD80DA2423536EA50069D78D /* NSNumber+HBUtils.h */; };
		AD80DA3B23536EA60069D78D /* NSDictionary+HBUtils.h in Headers */ = {isa = PBXBuildFile; fileRef = AD80DA2523536EA50069D78D /* NSDictionary+HBUtils.h */; };
		AD80DA3C23536EA60069D78D /* UIButton+HBUtils.m in Sources */ = {isa = PBXBuildFile; fileRef = AD80DA2623536EA60069D78D /* UIButton+HBUtils.m */; };
		ADEEA01C2353706E00A91757 /* EXTRuntimeExtensions.h in Headers */ = {isa = PBXBuildFile; fileRef = ADEEA0172353706E00A91757 /* EXTRuntimeExtensions.h */; };
		ADEEA01D2353706E00A91757 /* metamacros.h in Headers */ = {isa = PBXBuildFile; fileRef = ADEEA0182353706E00A91757 /* metamacros.h */; };
		ADEEA01E2353706E00A91757 /* EXTScope.m in Sources */ = {isa = PBXBuildFile; fileRef = ADEEA0192353706E00A91757 /* EXTScope.m */; };
		ADEEA01F2353706E00A91757 /* EXTRuntimeExtensions.m in Sources */ = {isa = PBXBuildFile; fileRef = ADEEA01A2353706E00A91757 /* EXTRuntimeExtensions.m */; };
		ADEEA0202353706E00A91757 /* EXTScope.h in Headers */ = {isa = PBXBuildFile; fileRef = ADEEA01B2353706E00A91757 /* EXTScope.h */; };
/* End PBXBuildFile section */

/* Begin PBXFileReference section */
		AD038C8B2340DE7400E5668E /* HBUtils.framework */ = {isa = PBXFileReference; explicitFileType = wrapper.framework; includeInIndex = 0; path = HBUtils.framework; sourceTree = BUILT_PRODUCTS_DIR; };
		AD038C8E2340DE7400E5668E /* HBUtils.h */ = {isa = PBXFileReference; lastKnownFileType = sourcecode.c.h; path = HBUtils.h; sourceTree = "<group>"; };
		AD038C8F2340DE7400E5668E /* Info.plist */ = {isa = PBXFileReference; lastKnownFileType = text.plist.xml; path = Info.plist; sourceTree = "<group>"; };
		AD80D9CC23535EB60069D78D /* UIView+HBUtils.h */ = {isa = PBXFileReference; fileEncoding = 4; lastKnownFileType = sourcecode.c.h; path = "UIView+HBUtils.h"; sourceTree = "<group>"; };
		AD80D9CE23535EB60069D78D /* UICollectionView+HBUtils.m */ = {isa = PBXFileReference; fileEncoding = 4; lastKnownFileType = sourcecode.c.objc; path = "UICollectionView+HBUtils.m"; sourceTree = "<group>"; };
		AD80D9D023535EB60069D78D /* UIView+HBUtils.m */ = {isa = PBXFileReference; fileEncoding = 4; lastKnownFileType = sourcecode.c.objc; path = "UIView+HBUtils.m"; sourceTree = "<group>"; };
		AD80D9D123535EB60069D78D /* UICollectionView+HBUtils.h */ = {isa = PBXFileReference; fileEncoding = 4; lastKnownFileType = sourcecode.c.h; path = "UICollectionView+HBUtils.h"; sourceTree = "<group>"; };
		AD80D9D8235368010069D78D /* hbutils.podspec */ = {isa = PBXFileReference; fileEncoding = 4; lastKnownFileType = text; name = hbutils.podspec; path = ../hbutils.podspec; sourceTree = "<group>"; };
		AD80D9DA23536C260069D78D /* HBUtilsMacros.h */ = {isa = PBXFileReference; fileEncoding = 4; lastKnownFileType = sourcecode.c.h; path = HBUtilsMacros.h; sourceTree = "<group>"; };
		AD80D9DB23536C260069D78D /* HBUtilsMacros.m */ = {isa = PBXFileReference; fileEncoding = 4; lastKnownFileType = sourcecode.c.objc; path = HBUtilsMacros.m; sourceTree = "<group>"; };
		AD80D9DE23536C6F0069D78D /* HBDefineColor.h */ = {isa = PBXFileReference; lastKnownFileType = sourcecode.c.h; path = HBDefineColor.h; sourceTree = "<group>"; };
		AD80DA1123536EA30069D78D /* UITextField+HBUtils.m */ = {isa = PBXFileReference; fileEncoding = 4; lastKnownFileType = sourcecode.c.objc; path = "UITextField+HBUtils.m"; sourceTree = "<group>"; };
		AD80DA1223536EA30069D78D /* NSObject+HBUtils.m */ = {isa = PBXFileReference; fileEncoding = 4; lastKnownFileType = sourcecode.c.objc; path = "NSObject+HBUtils.m"; sourceTree = "<group>"; };
		AD80DA1323536EA30069D78D /* NSArray+HBUtils.h */ = {isa = PBXFileReference; fileEncoding = 4; lastKnownFileType = sourcecode.c.h; path = "NSArray+HBUtils.h"; sourceTree = "<group>"; };
		AD80DA1423536EA30069D78D /* NSString+HBUtils.h */ = {isa = PBXFileReference; fileEncoding = 4; lastKnownFileType = sourcecode.c.h; path = "NSString+HBUtils.h"; sourceTree = "<group>"; };
		AD80DA1523536EA40069D78D /* UIButton+HBUtils.h */ = {isa = PBXFileReference; fileEncoding = 4; lastKnownFileType = sourcecode.c.h; path = "UIButton+HBUtils.h"; sourceTree = "<group>"; };
		AD80DA1623536EA40069D78D /* NSObject+HBUtils.h */ = {isa = PBXFileReference; fileEncoding = 4; lastKnownFileType = sourcecode.c.h; path = "NSObject+HBUtils.h"; sourceTree = "<group>"; };
		AD80DA1723536EA40069D78D /* NSAttributedString+HBUtils.h */ = {isa = PBXFileReference; fileEncoding = 4; lastKnownFileType = sourcecode.c.h; path = "NSAttributedString+HBUtils.h"; sourceTree = "<group>"; };
		AD80DA1823536EA40069D78D /* NSNumber+HBUtils.m */ = {isa = PBXFileReference; fileEncoding = 4; lastKnownFileType = sourcecode.c.objc; path = "NSNumber+HBUtils.m"; sourceTree = "<group>"; };
		AD80DA1923536EA40069D78D /* NSDate+HBUtils.h */ = {isa = PBXFileReference; fileEncoding = 4; lastKnownFileType = sourcecode.c.h; path = "NSDate+HBUtils.h"; sourceTree = "<group>"; };
		AD80DA1A23536EA40069D78D /* UIImage+HBUtils.h */ = {isa = PBXFileReference; fileEncoding = 4; lastKnownFileType = sourcecode.c.h; path = "UIImage+HBUtils.h"; sourceTree = "<group>"; };
		AD80DA1B23536EA40069D78D /* UILabel+HBUtils.h */ = {isa = PBXFileReference; fileEncoding = 4; lastKnownFileType = sourcecode.c.h; path = "UILabel+HBUtils.h"; sourceTree = "<group>"; };
		AD80DA1C23536EA40069D78D /* UITextField+HBUtils.h */ = {isa = PBXFileReference; fileEncoding = 4; lastKnownFileType = sourcecode.c.h; path = "UITextField+HBUtils.h"; sourceTree = "<group>"; };
		AD80DA1D23536EA40069D78D /* NSString+HBUtils.m */ = {isa = PBXFileReference; fileEncoding = 4; lastKnownFileType = sourcecode.c.objc; path = "NSString+HBUtils.m"; sourceTree = "<group>"; };
		AD80DA1E23536EA50069D78D /* NSDate+HBUtils.m */ = {isa = PBXFileReference; fileEncoding = 4; lastKnownFileType = sourcecode.c.objc; path = "NSDate+HBUtils.m"; sourceTree = "<group>"; };
		AD80DA1F23536EA50069D78D /* UIImage+HBUtils.m */ = {isa = PBXFileReference; fileEncoding = 4; lastKnownFileType = sourcecode.c.objc; path = "UIImage+HBUtils.m"; sourceTree = "<group>"; };
		AD80DA2023536EA50069D78D /* UILabel+HBUtils.m */ = {isa = PBXFileReference; fileEncoding = 4; lastKnownFileType = sourcecode.c.objc; path = "UILabel+HBUtils.m"; sourceTree = "<group>"; };
		AD80DA2123536EA50069D78D /* NSAttributedString+HBUtils.m */ = {isa = PBXFileReference; fileEncoding = 4; lastKnownFileType = sourcecode.c.objc; path = "NSAttributedString+HBUtils.m"; sourceTree = "<group>"; };
		AD80DA2223536EA50069D78D /* NSDictionary+HBUtils.m */ = {isa = PBXFileReference; fileEncoding = 4; lastKnownFileType = sourcecode.c.objc; path = "NSDictionary+HBUtils.m"; sourceTree = "<group>"; };
		AD80DA2323536EA50069D78D /* NSArray+HBUtils.m */ = {isa = PBXFileReference; fileEncoding = 4; lastKnownFileType = sourcecode.c.objc; path = "NSArray+HBUtils.m"; sourceTree = "<group>"; };
		AD80DA2423536EA50069D78D /* NSNumber+HBUtils.h */ = {isa = PBXFileReference; fileEncoding = 4; lastKnownFileType = sourcecode.c.h; path = "NSNumber+HBUtils.h"; sourceTree = "<group>"; };
		AD80DA2523536EA50069D78D /* NSDictionary+HBUtils.h */ = {isa = PBXFileReference; fileEncoding = 4; lastKnownFileType = sourcecode.c.h; path = "NSDictionary+HBUtils.h"; sourceTree = "<group>"; };
		AD80DA2623536EA60069D78D /* UIButton+HBUtils.m */ = {isa = PBXFileReference; fileEncoding = 4; lastKnownFileType = sourcecode.c.objc; path = "UIButton+HBUtils.m"; sourceTree = "<group>"; };
		ADEEA0172353706E00A91757 /* EXTRuntimeExtensions.h */ = {isa = PBXFileReference; fileEncoding = 4; lastKnownFileType = sourcecode.c.h; path = EXTRuntimeExtensions.h; sourceTree = "<group>"; };
		ADEEA0182353706E00A91757 /* metamacros.h */ = {isa = PBXFileReference; fileEncoding = 4; lastKnownFileType = sourcecode.c.h; path = metamacros.h; sourceTree = "<group>"; };
		ADEEA0192353706E00A91757 /* EXTScope.m */ = {isa = PBXFileReference; fileEncoding = 4; lastKnownFileType = sourcecode.c.objc; path = EXTScope.m; sourceTree = "<group>"; };
		ADEEA01A2353706E00A91757 /* EXTRuntimeExtensions.m */ = {isa = PBXFileReference; fileEncoding = 4; lastKnownFileType = sourcecode.c.objc; path = EXTRuntimeExtensions.m; sourceTree = "<group>"; };
		ADEEA01B2353706E00A91757 /* EXTScope.h */ = {isa = PBXFileReference; fileEncoding = 4; lastKnownFileType = sourcecode.c.h; path = EXTScope.h; sourceTree = "<group>"; };
/* End PBXFileReference section */

/* Begin PBXFrameworksBuildPhase section */
		AD038C882340DE7400E5668E /* Frameworks */ = {
			isa = PBXFrameworksBuildPhase;
			buildActionMask = 2147483647;
			files = (
			);
			runOnlyForDeploymentPostprocessing = 0;
		};
/* End PBXFrameworksBuildPhase section */

/* Begin PBXGroup section */
		AD038C812340DE7400E5668E = {
			isa = PBXGroup;
			children = (
				AD80D9D8235368010069D78D /* hbutils.podspec */,
				AD038C8D2340DE7400E5668E /* HBUtils */,
				AD038C8C2340DE7400E5668E /* Products */,
			);
			sourceTree = "<group>";
		};
		AD038C8C2340DE7400E5668E /* Products */ = {
			isa = PBXGroup;
			children = (
				AD038C8B2340DE7400E5668E /* HBUtils.framework */,
			);
			name = Products;
			sourceTree = "<group>";
		};
		AD038C8D2340DE7400E5668E /* HBUtils */ = {
			isa = PBXGroup;
			children = (
				AD80D9CB23535EB60069D78D /* Classes */,
				AD038C8E2340DE7400E5668E /* HBUtils.h */,
				AD038C8F2340DE7400E5668E /* Info.plist */,
			);
			path = HBUtils;
			sourceTree = "<group>";
		};
		AD80D9CB23535EB60069D78D /* Classes */ = {
			isa = PBXGroup;
			children = (
				ADEEA0162353706E00A91757 /* extobjc */,
				AD80D9DA23536C260069D78D /* HBUtilsMacros.h */,
				AD80D9DB23536C260069D78D /* HBUtilsMacros.m */,
				AD80D9D123535EB60069D78D /* UICollectionView+HBUtils.h */,
				AD80D9CE23535EB60069D78D /* UICollectionView+HBUtils.m */,
				AD80D9CC23535EB60069D78D /* UIView+HBUtils.h */,
				AD80D9D023535EB60069D78D /* UIView+HBUtils.m */,
				AD80DA1323536EA30069D78D /* NSArray+HBUtils.h */,
				AD80DA2323536EA50069D78D /* NSArray+HBUtils.m */,
				AD80DA1723536EA40069D78D /* NSAttributedString+HBUtils.h */,
				AD80DA2123536EA50069D78D /* NSAttributedString+HBUtils.m */,
				AD80DA1923536EA40069D78D /* NSDate+HBUtils.h */,
				AD80DA1E23536EA50069D78D /* NSDate+HBUtils.m */,
				AD80DA2523536EA50069D78D /* NSDictionary+HBUtils.h */,
				AD80DA2223536EA50069D78D /* NSDictionary+HBUtils.m */,
				AD80DA2423536EA50069D78D /* NSNumber+HBUtils.h */,
				AD80DA1823536EA40069D78D /* NSNumber+HBUtils.m */,
				AD80DA1623536EA40069D78D /* NSObject+HBUtils.h */,
				AD80DA1223536EA30069D78D /* NSObject+HBUtils.m */,
				AD80DA1423536EA30069D78D /* NSString+HBUtils.h */,
				AD80DA1D23536EA40069D78D /* NSString+HBUtils.m */,
				AD80DA1523536EA40069D78D /* UIButton+HBUtils.h */,
				AD80DA2623536EA60069D78D /* UIButton+HBUtils.m */,
				AD80DA1A23536EA40069D78D /* UIImage+HBUtils.h */,
				AD80DA1F23536EA50069D78D /* UIImage+HBUtils.m */,
				AD80DA1B23536EA40069D78D /* UILabel+HBUtils.h */,
				AD80DA2023536EA50069D78D /* UILabel+HBUtils.m */,
				AD80DA1C23536EA40069D78D /* UITextField+HBUtils.h */,
				AD80DA1123536EA30069D78D /* UITextField+HBUtils.m */,
				AD80D9DE23536C6F0069D78D /* HBDefineColor.h */,
			);
			name = Classes;
			path = ../../Classes;
			sourceTree = "<group>";
		};
		ADEEA0162353706E00A91757 /* extobjc */ = {
			isa = PBXGroup;
			children = (
				ADEEA0172353706E00A91757 /* EXTRuntimeExtensions.h */,
				ADEEA0182353706E00A91757 /* metamacros.h */,
				ADEEA0192353706E00A91757 /* EXTScope.m */,
				ADEEA01A2353706E00A91757 /* EXTRuntimeExtensions.m */,
				ADEEA01B2353706E00A91757 /* EXTScope.h */,
			);
			path = extobjc;
			sourceTree = "<group>";
		};
/* End PBXGroup section */

/* Begin PBXHeadersBuildPhase section */
		AD038C862340DE7400E5668E /* Headers */ = {
			isa = PBXHeadersBuildPhase;
			buildActionMask = 2147483647;
			files = (
				AD80DA3A23536EA60069D78D /* NSNumber+HBUtils.h in Headers */,
				ADEEA01C2353706E00A91757 /* EXTRuntimeExtensions.h in Headers */,
				AD80DA2A23536EA60069D78D /* NSString+HBUtils.h in Headers */,
				ADEEA01D2353706E00A91757 /* metamacros.h in Headers */,
				AD80DA3023536EA60069D78D /* UIImage+HBUtils.h in Headers */,
				AD038C902340DE7400E5668E /* HBUtils.h in Headers */,
				AD80DA2923536EA60069D78D /* NSArray+HBUtils.h in Headers */,
				AD80DA3223536EA60069D78D /* UITextField+HBUtils.h in Headers */,
				AD80DA2D23536EA60069D78D /* NSAttributedString+HBUtils.h in Headers */,
				AD80D9DC23536C260069D78D /* HBUtilsMacros.h in Headers */,
				AD80DA2F23536EA60069D78D /* NSDate+HBUtils.h in Headers */,
				AD80DA2B23536EA60069D78D /* UIButton+HBUtils.h in Headers */,
				AD80D9D223535EB60069D78D /* UIView+HBUtils.h in Headers */,
				AD80DA3B23536EA60069D78D /* NSDictionary+HBUtils.h in Headers */,
				AD80DA2C23536EA60069D78D /* NSObject+HBUtils.h in Headers */,
				AD80D9D723535EB60069D78D /* UICollectionView+HBUtils.h in Headers */,
				AD80DA3123536EA60069D78D /* UILabel+HBUtils.h in Headers */,
				ADEEA0202353706E00A91757 /* EXTScope.h in Headers */,
			);
			runOnlyForDeploymentPostprocessing = 0;
		};
/* End PBXHeadersBuildPhase section */

/* Begin PBXNativeTarget section */
		AD038C8A2340DE7400E5668E /* HBUtils */ = {
			isa = PBXNativeTarget;
			buildConfigurationList = AD038C932340DE7400E5668E /* Build configuration list for PBXNativeTarget "HBUtils" */;
			buildPhases = (
				AD038C862340DE7400E5668E /* Headers */,
				AD038C872340DE7400E5668E /* Sources */,
				AD038C882340DE7400E5668E /* Frameworks */,
				AD038C892340DE7400E5668E /* Resources */,
			);
			buildRules = (
			);
			dependencies = (
			);
			name = HBUtils;
			productName = HBUtils;
			productReference = AD038C8B2340DE7400E5668E /* HBUtils.framework */;
			productType = "com.apple.product-type.framework";
		};
/* End PBXNativeTarget section */

/* Begin PBXProject section */
		AD038C822340DE7400E5668E /* Project object */ = {
			isa = PBXProject;
			attributes = {
				LastUpgradeCheck = 1020;
				ORGANIZATIONNAME = HB;
				TargetAttributes = {
					AD038C8A2340DE7400E5668E = {
						CreatedOnToolsVersion = 10.2.1;
					};
				};
			};
			buildConfigurationList = AD038C852340DE7400E5668E /* Build configuration list for PBXProject "HBUtils" */;
			compatibilityVersion = "Xcode 9.3";
			developmentRegion = en;
			hasScannedForEncodings = 0;
			knownRegions = (
				en,
			);
			mainGroup = AD038C812340DE7400E5668E;
			productRefGroup = AD038C8C2340DE7400E5668E /* Products */;
			projectDirPath = "";
			projectRoot = "";
			targets = (
				AD038C8A2340DE7400E5668E /* HBUtils */,
			);
		};
/* End PBXProject section */

/* Begin PBXResourcesBuildPhase section */
		AD038C892340DE7400E5668E /* Resources */ = {
			isa = PBXResourcesBuildPhase;
			buildActionMask = 2147483647;
			files = (
				AD80D9D9235368020069D78D /* hbutils.podspec in Resources */,
			);
			runOnlyForDeploymentPostprocessing = 0;
		};
/* End PBXResourcesBuildPhase section */

/* Begin PBXSourcesBuildPhase section */
		AD038C872340DE7400E5668E /* Sources */ = {
			isa = PBXSourcesBuildPhase;
			buildActionMask = 2147483647;
			files = (
				ADEEA01E2353706E00A91757 /* EXTScope.m in Sources */,
				AD80DA3923536EA60069D78D /* NSArray+HBUtils.m in Sources */,
				AD80DA3723536EA60069D78D /* NSAttributedString+HBUtils.m in Sources */,
				AD80DA3423536EA60069D78D /* NSDate+HBUtils.m in Sources */,
				AD80D9D423535EB60069D78D /* UICollectionView+HBUtils.m in Sources */,
				AD80DA2E23536EA60069D78D /* NSNumber+HBUtils.m in Sources */,
				ADEEA01F2353706E00A91757 /* EXTRuntimeExtensions.m in Sources */,
				AD80DA2723536EA60069D78D /* UITextField+HBUtils.m in Sources */,
				AD80DA2823536EA60069D78D /* NSObject+HBUtils.m in Sources */,
				AD80DA3C23536EA60069D78D /* UIButton+HBUtils.m in Sources */,
				AD80DA3823536EA60069D78D /* NSDictionary+HBUtils.m in Sources */,
				AD80DA3523536EA60069D78D /* UIImage+HBUtils.m in Sources */,
				AD80DA3623536EA60069D78D /* UILabel+HBUtils.m in Sources */,
				AD80D9DD23536C260069D78D /* HBUtilsMacros.m in Sources */,
				AD80D9D623535EB60069D78D /* UIView+HBUtils.m in Sources */,
				AD80DA3323536EA60069D78D /* NSString+HBUtils.m in Sources */,
			);
			runOnlyForDeploymentPostprocessing = 0;
		};
/* End PBXSourcesBuildPhase section */

/* Begin XCBuildConfiguration section */
		AD038C912340DE7400E5668E /* Debug */ = {
			isa = XCBuildConfiguration;
			buildSettings = {
				ALWAYS_SEARCH_USER_PATHS = NO;
				CLANG_ANALYZER_NONNULL = YES;
				CLANG_ANALYZER_NUMBER_OBJECT_CONVERSION = YES_AGGRESSIVE;
				CLANG_CXX_LANGUAGE_STANDARD = "gnu++14";
				CLANG_CXX_LIBRARY = "libc++";
				CLANG_ENABLE_MODULES = YES;
				CLANG_ENABLE_OBJC_ARC = YES;
				CLANG_ENABLE_OBJC_WEAK = YES;
				CLANG_WARN_BLOCK_CAPTURE_AUTORELEASING = YES;
				CLANG_WARN_BOOL_CONVERSION = YES;
				CLANG_WARN_COMMA = YES;
				CLANG_WARN_CONSTANT_CONVERSION = YES;
				CLANG_WARN_DEPRECATED_OBJC_IMPLEMENTATIONS = YES;
				CLANG_WARN_DIRECT_OBJC_ISA_USAGE = YES_ERROR;
				CLANG_WARN_DOCUMENTATION_COMMENTS = YES;
				CLANG_WARN_EMPTY_BODY = YES;
				CLANG_WARN_ENUM_CONVERSION = YES;
				CLANG_WARN_INFINITE_RECURSION = YES;
				CLANG_WARN_INT_CONVERSION = YES;
				CLANG_WARN_NON_LITERAL_NULL_CONVERSION = YES;
				CLANG_WARN_OBJC_IMPLICIT_RETAIN_SELF = YES;
				CLANG_WARN_OBJC_LITERAL_CONVERSION = YES;
				CLANG_WARN_OBJC_ROOT_CLASS = YES_ERROR;
				CLANG_WARN_RANGE_LOOP_ANALYSIS = YES;
				CLANG_WARN_STRICT_PROTOTYPES = YES;
				CLANG_WARN_SUSPICIOUS_MOVE = YES;
				CLANG_WARN_UNGUARDED_AVAILABILITY = YES_AGGRESSIVE;
				CLANG_WARN_UNREACHABLE_CODE = YES;
				CLANG_WARN__DUPLICATE_METHOD_MATCH = YES;
				CODE_SIGN_IDENTITY = "iPhone Developer";
				COPY_PHASE_STRIP = NO;
				CURRENT_PROJECT_VERSION = 1;
				DEBUG_INFORMATION_FORMAT = dwarf;
				ENABLE_STRICT_OBJC_MSGSEND = YES;
				ENABLE_TESTABILITY = YES;
				GCC_C_LANGUAGE_STANDARD = gnu11;
				GCC_DYNAMIC_NO_PIC = NO;
				GCC_NO_COMMON_BLOCKS = YES;
				GCC_OPTIMIZATION_LEVEL = 0;
				GCC_PREPROCESSOR_DEFINITIONS = (
					"DEBUG=1",
					"$(inherited)",
				);
				GCC_WARN_64_TO_32_BIT_CONVERSION = YES;
				GCC_WARN_ABOUT_RETURN_TYPE = YES_ERROR;
				GCC_WARN_UNDECLARED_SELECTOR = YES;
				GCC_WARN_UNINITIALIZED_AUTOS = YES_AGGRESSIVE;
				GCC_WARN_UNUSED_FUNCTION = YES;
				GCC_WARN_UNUSED_VARIABLE = YES;
				IPHONEOS_DEPLOYMENT_TARGET = 12.2;
				MTL_ENABLE_DEBUG_INFO = INCLUDE_SOURCE;
				MTL_FAST_MATH = YES;
				ONLY_ACTIVE_ARCH = YES;
				SDKROOT = iphoneos;
				VERSIONING_SYSTEM = "apple-generic";
				VERSION_INFO_PREFIX = "";
			};
			name = Debug;
		};
		AD038C922340DE7400E5668E /* Release */ = {
			isa = XCBuildConfiguration;
			buildSettings = {
				ALWAYS_SEARCH_USER_PATHS = NO;
				CLANG_ANALYZER_NONNULL = YES;
				CLANG_ANALYZER_NUMBER_OBJECT_CONVERSION = YES_AGGRESSIVE;
				CLANG_CXX_LANGUAGE_STANDARD = "gnu++14";
				CLANG_CXX_LIBRARY = "libc++";
				CLANG_ENABLE_MODULES = YES;
				CLANG_ENABLE_OBJC_ARC = YES;
				CLANG_ENABLE_OBJC_WEAK = YES;
				CLANG_WARN_BLOCK_CAPTURE_AUTORELEASING = YES;
				CLANG_WARN_BOOL_CONVERSION = YES;
				CLANG_WARN_COMMA = YES;
				CLANG_WARN_CONSTANT_CONVERSION = YES;
				CLANG_WARN_DEPRECATED_OBJC_IMPLEMENTATIONS = YES;
				CLANG_WARN_DIRECT_OBJC_ISA_USAGE = YES_ERROR;
				CLANG_WARN_DOCUMENTATION_COMMENTS = YES;
				CLANG_WARN_EMPTY_BODY = YES;
				CLANG_WARN_ENUM_CONVERSION = YES;
				CLANG_WARN_INFINITE_RECURSION = YES;
				CLANG_WARN_INT_CONVERSION = YES;
				CLANG_WARN_NON_LITERAL_NULL_CONVERSION = YES;
				CLANG_WARN_OBJC_IMPLICIT_RETAIN_SELF = YES;
				CLANG_WARN_OBJC_LITERAL_CONVERSION = YES;
				CLANG_WARN_OBJC_ROOT_CLASS = YES_ERROR;
				CLANG_WARN_RANGE_LOOP_ANALYSIS = YES;
				CLANG_WARN_STRICT_PROTOTYPES = YES;
				CLANG_WARN_SUSPICIOUS_MOVE = YES;
				CLANG_WARN_UNGUARDED_AVAILABILITY = YES_AGGRESSIVE;
				CLANG_WARN_UNREACHABLE_CODE = YES;
				CLANG_WARN__DUPLICATE_METHOD_MATCH = YES;
				CODE_SIGN_IDENTITY = "iPhone Developer";
				COPY_PHASE_STRIP = NO;
				CURRENT_PROJECT_VERSION = 1;
				DEBUG_INFORMATION_FORMAT = "dwarf-with-dsym";
				ENABLE_NS_ASSERTIONS = NO;
				ENABLE_STRICT_OBJC_MSGSEND = YES;
				GCC_C_LANGUAGE_STANDARD = gnu11;
				GCC_NO_COMMON_BLOCKS = YES;
				GCC_WARN_64_TO_32_BIT_CONVERSION = YES;
				GCC_WARN_ABOUT_RETURN_TYPE = YES_ERROR;
				GCC_WARN_UNDECLARED_SELECTOR = YES;
				GCC_WARN_UNINITIALIZED_AUTOS = YES_AGGRESSIVE;
				GCC_WARN_UNUSED_FUNCTION = YES;
				GCC_WARN_UNUSED_VARIABLE = YES;
				IPHONEOS_DEPLOYMENT_TARGET = 12.2;
				MTL_ENABLE_DEBUG_INFO = NO;
				MTL_FAST_MATH = YES;
				SDKROOT = iphoneos;
				VALIDATE_PRODUCT = YES;
				VERSIONING_SYSTEM = "apple-generic";
				VERSION_INFO_PREFIX = "";
			};
			name = Release;
		};
		AD038C942340DE7400E5668E /* Debug */ = {
			isa = XCBuildConfiguration;
			buildSettings = {
				CODE_SIGN_IDENTITY = "";
				CODE_SIGN_STYLE = Automatic;
				DEFINES_MODULE = YES;
				DYLIB_COMPATIBILITY_VERSION = 1;
				DYLIB_CURRENT_VERSION = 1;
				DYLIB_INSTALL_NAME_BASE = "@rpath";
				INFOPLIST_FILE = HBUtils/Info.plist;
				INSTALL_PATH = "$(LOCAL_LIBRARY_DIR)/Frameworks";
				IPHONEOS_DEPLOYMENT_TARGET = 9.0;
				LD_RUNPATH_SEARCH_PATHS = (
					"$(inherited)",
					"@executable_path/Frameworks",
					"@loader_path/Frameworks",
				);
				PRODUCT_BUNDLE_IDENTIFIER = HB.HBUtils;
				PRODUCT_NAME = "$(TARGET_NAME:c99extidentifier)";
				SKIP_INSTALL = YES;
				TARGETED_DEVICE_FAMILY = "1,2";
			};
			name = Debug;
		};
		AD038C952340DE7400E5668E /* Release */ = {
			isa = XCBuildConfiguration;
			buildSettings = {
				CODE_SIGN_IDENTITY = "";
				CODE_SIGN_STYLE = Automatic;
				DEFINES_MODULE = YES;
				DYLIB_COMPATIBILITY_VERSION = 1;
				DYLIB_CURRENT_VERSION = 1;
				DYLIB_INSTALL_NAME_BASE = "@rpath";
				INFOPLIST_FILE = HBUtils/Info.plist;
				INSTALL_PATH = "$(LOCAL_LIBRARY_DIR)/Frameworks";
				IPHONEOS_DEPLOYMENT_TARGET = 9.0;
				LD_RUNPATH_SEARCH_PATHS = (
					"$(inherited)",
					"@executable_path/Frameworks",
					"@loader_path/Frameworks",
				);
				PRODUCT_BUNDLE_IDENTIFIER = HB.HBUtils;
				PRODUCT_NAME = "$(TARGET_NAME:c99extidentifier)";
				SKIP_INSTALL = YES;
				TARGETED_DEVICE_FAMILY = "1,2";
			};
			name = Release;
		};
/* End XCBuildConfiguration section */

/* Begin XCConfigurationList section */
		AD038C852340DE7400E5668E /* Build configuration list for PBXProject "HBUtils" */ = {
			isa = XCConfigurationList;
			buildConfigurations = (
				AD038C912340DE7400E5668E /* Debug */,
				AD038C922340DE7400E5668E /* Release */,
			);
			defaultConfigurationIsVisible = 0;
			defaultConfigurationName = Release;
		};
		AD038C932340DE7400E5668E /* Build configuration list for PBXNativeTarget "HBUtils" */ = {
			isa = XCConfigurationList;
			buildConfigurations = (
				AD038C942340DE7400E5668E /* Debug */,
				AD038C952340DE7400E5668E /* Release */,
			);
			defaultConfigurationIsVisible = 0;
			defaultConfigurationName = Release;
		};
/* End XCConfigurationList section */
	};
	rootObject = AD038C822340DE7400E5668E /* Project object */;
}
