// !$*UTF8*$!
{
	archiveVersion = 1;
	classes = {
	};
	objectVersion = 50;
	objects = {

/* Begin PBXBuildFile section */
		AD038C902340DE7400E5668E /* HBUtils.h in Headers */ = {isa = PBXBuildFile; fileRef = AD038C8E2340DE7400E5668E /* HBUtils.h */; settings = {ATTRIBUTES = (Public, ); }; };
		AD3D113B2378675B00EBF470 /* HBUtilsBaseView.h in Headers */ = {isa = PBXBuildFile; fileRef = AD3D11392378675B00EBF470 /* HBUtilsBaseView.h */; };
		AD3D113C2378675B00EBF470 /* HBUtilsBaseView.m in Sources */ = {isa = PBXBuildFile; fileRef = AD3D113A2378675B00EBF470 /* HBUtilsBaseView.m */; };
		AD3D113F237867B700EBF470 /* HBUtilsBaseFormSheetVC.h in Headers */ = {isa = PBXBuildFile; fileRef = AD3D113D237867B700EBF470 /* HBUtilsBaseFormSheetVC.h */; };
		AD3D1140237867B700EBF470 /* HBUtilsBaseFormSheetVC.m in Sources */ = {isa = PBXBuildFile; fileRef = AD3D113E237867B700EBF470 /* HBUtilsBaseFormSheetVC.m */; };
		AD6EC442235D38D000F3AC62 /* HBUtilsBaseManagedObject.h in Headers */ = {isa = PBXBuildFile; fileRef = AD6EC440235D38D000F3AC62 /* HBUtilsBaseManagedObject.h */; };
		AD6EC443235D38D000F3AC62 /* HBUtilsBaseManagedObject.m in Sources */ = {isa = PBXBuildFile; fileRef = AD6EC441235D38D000F3AC62 /* HBUtilsBaseManagedObject.m */; };
		AD6EC467235D3A4100F3AC62 /* HBUtilsMacros.h in Headers */ = {isa = PBXBuildFile; fileRef = AD6EC445235D3A4100F3AC62 /* HBUtilsMacros.h */; };
		AD6EC468235D3A4100F3AC62 /* HBUtilsMacros.m in Sources */ = {isa = PBXBuildFile; fileRef = AD6EC446235D3A4100F3AC62 /* HBUtilsMacros.m */; };
		AD6EC469235D3A4100F3AC62 /* HBDefineColor.h in Headers */ = {isa = PBXBuildFile; fileRef = AD6EC447235D3A4100F3AC62 /* HBDefineColor.h */; };
		AD6EC46A235D3A4100F3AC62 /* NSDictionary+HBUtils.h in Headers */ = {isa = PBXBuildFile; fileRef = AD6EC449235D3A4100F3AC62 /* NSDictionary+HBUtils.h */; };
		AD6EC46B235D3A4100F3AC62 /* UITextField+HBUtils.m in Sources */ = {isa = PBXBuildFile; fileRef = AD6EC44A235D3A4100F3AC62 /* UITextField+HBUtils.m */; };
		AD6EC46C235D3A4100F3AC62 /* UITableView+HBUtils.m in Sources */ = {isa = PBXBuildFile; fileRef = AD6EC44B235D3A4100F3AC62 /* UITableView+HBUtils.m */; };
		AD6EC46D235D3A4100F3AC62 /* NSAttributedString+HBUtils.m in Sources */ = {isa = PBXBuildFile; fileRef = AD6EC44C235D3A4100F3AC62 /* NSAttributedString+HBUtils.m */; };
		AD6EC46E235D3A4100F3AC62 /* NSArray+HBUtils.m in Sources */ = {isa = PBXBuildFile; fileRef = AD6EC44D235D3A4100F3AC62 /* NSArray+HBUtils.m */; };
		AD6EC46F235D3A4100F3AC62 /* UIView+HBUtils.h in Headers */ = {isa = PBXBuildFile; fileRef = AD6EC44E235D3A4100F3AC62 /* UIView+HBUtils.h */; };
		AD6EC470235D3A4100F3AC62 /* NSDate+HBUtils.m in Sources */ = {isa = PBXBuildFile; fileRef = AD6EC44F235D3A4100F3AC62 /* NSDate+HBUtils.m */; };
		AD6EC471235D3A4100F3AC62 /* NSObject+HBUtils.h in Headers */ = {isa = PBXBuildFile; fileRef = AD6EC450235D3A4100F3AC62 /* NSObject+HBUtils.h */; };
		AD6EC472235D3A4100F3AC62 /* UILabel+HBUtils.m in Sources */ = {isa = PBXBuildFile; fileRef = AD6EC451235D3A4100F3AC62 /* UILabel+HBUtils.m */; };
		AD6EC473235D3A4100F3AC62 /* NSNumber+HBUtils.m in Sources */ = {isa = PBXBuildFile; fileRef = AD6EC452235D3A4100F3AC62 /* NSNumber+HBUtils.m */; };
		AD6EC474235D3A4100F3AC62 /* UIButton+HBUtils.h in Headers */ = {isa = PBXBuildFile; fileRef = AD6EC453235D3A4100F3AC62 /* UIButton+HBUtils.h */; };
		AD6EC475235D3A4100F3AC62 /* UITextView+HBUtils.m in Sources */ = {isa = PBXBuildFile; fileRef = AD6EC454235D3A4100F3AC62 /* UITextView+HBUtils.m */; };
		AD6EC476235D3A4100F3AC62 /* NSString+HBUtils.m in Sources */ = {isa = PBXBuildFile; fileRef = AD6EC455235D3A4100F3AC62 /* NSString+HBUtils.m */; };
		AD6EC477235D3A4100F3AC62 /* UICollectionView+HBUtils.m in Sources */ = {isa = PBXBuildFile; fileRef = AD6EC456235D3A4100F3AC62 /* UICollectionView+HBUtils.m */; };
		AD6EC478235D3A4100F3AC62 /* UIImage+HBUtils.m in Sources */ = {isa = PBXBuildFile; fileRef = AD6EC457235D3A4100F3AC62 /* UIImage+HBUtils.m */; };
		AD6EC479235D3A4100F3AC62 /* NSDictionary+HBUtils.m in Sources */ = {isa = PBXBuildFile; fileRef = AD6EC458235D3A4100F3AC62 /* NSDictionary+HBUtils.m */; };
		AD6EC47A235D3A4100F3AC62 /* UITextField+HBUtils.h in Headers */ = {isa = PBXBuildFile; fileRef = AD6EC459235D3A4100F3AC62 /* UITextField+HBUtils.h */; };
		AD6EC47B235D3A4100F3AC62 /* NSObject+HBUtils.m in Sources */ = {isa = PBXBuildFile; fileRef = AD6EC45A235D3A4100F3AC62 /* NSObject+HBUtils.m */; };
		AD6EC47C235D3A4100F3AC62 /* NSDate+HBUtils.h in Headers */ = {isa = PBXBuildFile; fileRef = AD6EC45B235D3A4100F3AC62 /* NSDate+HBUtils.h */; };
		AD6EC47D235D3A4100F3AC62 /* UIView+HBUtils.m in Sources */ = {isa = PBXBuildFile; fileRef = AD6EC45C235D3A4100F3AC62 /* UIView+HBUtils.m */; };
		AD6EC47E235D3A4100F3AC62 /* NSAttributedString+HBUtils.h in Headers */ = {isa = PBXBuildFile; fileRef = AD6EC45D235D3A4100F3AC62 /* NSAttributedString+HBUtils.h */; };
		AD6EC47F235D3A4100F3AC62 /* NSArray+HBUtils.h in Headers */ = {isa = PBXBuildFile; fileRef = AD6EC45E235D3A4100F3AC62 /* NSArray+HBUtils.h */; };
		AD6EC480235D3A4100F3AC62 /* UITableView+HBUtils.h in Headers */ = {isa = PBXBuildFile; fileRef = AD6EC45F235D3A4100F3AC62 /* UITableView+HBUtils.h */; };
		AD6EC481235D3A4100F3AC62 /* UIButton+HBUtils.m in Sources */ = {isa = PBXBuildFile; fileRef = AD6EC460235D3A4100F3AC62 /* UIButton+HBUtils.m */; };
		AD6EC482235D3A4100F3AC62 /* NSNumber+HBUtils.h in Headers */ = {isa = PBXBuildFile; fileRef = AD6EC461235D3A4100F3AC62 /* NSNumber+HBUtils.h */; };
		AD6EC483235D3A4100F3AC62 /* UILabel+HBUtils.h in Headers */ = {isa = PBXBuildFile; fileRef = AD6EC462235D3A4100F3AC62 /* UILabel+HBUtils.h */; };
		AD6EC484235D3A4100F3AC62 /* UIImage+HBUtils.h in Headers */ = {isa = PBXBuildFile; fileRef = AD6EC463235D3A4100F3AC62 /* UIImage+HBUtils.h */; };
		AD6EC485235D3A4100F3AC62 /* UICollectionView+HBUtils.h in Headers */ = {isa = PBXBuildFile; fileRef = AD6EC464235D3A4100F3AC62 /* UICollectionView+HBUtils.h */; };
		AD6EC486235D3A4100F3AC62 /* NSString+HBUtils.h in Headers */ = {isa = PBXBuildFile; fileRef = AD6EC465235D3A4100F3AC62 /* NSString+HBUtils.h */; };
		AD6EC487235D3A4100F3AC62 /* UITextView+HBUtils.h in Headers */ = {isa = PBXBuildFile; fileRef = AD6EC466235D3A4100F3AC62 /* UITextView+HBUtils.h */; };
		AD6EC51A235D48DD00F3AC62 /* FEMAttributeMapping.h in Headers */ = {isa = PBXBuildFile; fileRef = AD6EC4E9235D48DC00F3AC62 /* FEMAttributeMapping.h */; };
		AD6EC51B235D48DD00F3AC62 /* FEMAttribute+Extension.m in Sources */ = {isa = PBXBuildFile; fileRef = AD6EC4EA235D48DC00F3AC62 /* FEMAttribute+Extension.m */; };
		AD6EC51C235D48DD00F3AC62 /* FEMAttribute.h in Headers */ = {isa = PBXBuildFile; fileRef = AD6EC4EB235D48DC00F3AC62 /* FEMAttribute.h */; };
		AD6EC51D235D48DD00F3AC62 /* FEMAttribute+Extension.h in Headers */ = {isa = PBXBuildFile; fileRef = AD6EC4EC235D48DC00F3AC62 /* FEMAttribute+Extension.h */; };
		AD6EC51E235D48DD00F3AC62 /* FEMAttribute.m in Sources */ = {isa = PBXBuildFile; fileRef = AD6EC4ED235D48DC00F3AC62 /* FEMAttribute.m */; };
		AD6EC51F235D48DD00F3AC62 /* FEMProperty.h in Headers */ = {isa = PBXBuildFile; fileRef = AD6EC4EE235D48DC00F3AC62 /* FEMProperty.h */; };
		AD6EC520235D48DD00F3AC62 /* FEMMapping.m in Sources */ = {isa = PBXBuildFile; fileRef = AD6EC4EF235D48DC00F3AC62 /* FEMMapping.m */; };
		AD6EC521235D48DD00F3AC62 /* FEMRelationshipMapping.h in Headers */ = {isa = PBXBuildFile; fileRef = AD6EC4F1235D48DC00F3AC62 /* FEMRelationshipMapping.h */; };
		AD6EC522235D48DD00F3AC62 /* FEMRelationship.m in Sources */ = {isa = PBXBuildFile; fileRef = AD6EC4F2235D48DC00F3AC62 /* FEMRelationship.m */; };
		AD6EC523235D48DD00F3AC62 /* FEMRelationship.h in Headers */ = {isa = PBXBuildFile; fileRef = AD6EC4F3235D48DC00F3AC62 /* FEMRelationship.h */; };
		AD6EC524235D48DD00F3AC62 /* FEMObjectMapping.h in Headers */ = {isa = PBXBuildFile; fileRef = AD6EC4F5235D48DC00F3AC62 /* FEMObjectMapping.h */; };
		AD6EC525235D48DD00F3AC62 /* FEMManagedObjectMapping.h in Headers */ = {isa = PBXBuildFile; fileRef = AD6EC4F6235D48DC00F3AC62 /* FEMManagedObjectMapping.h */; };
		AD6EC526235D48DD00F3AC62 /* FEMObjectMapping.m in Sources */ = {isa = PBXBuildFile; fileRef = AD6EC4F7235D48DC00F3AC62 /* FEMObjectMapping.m */; };
		AD6EC527235D48DD00F3AC62 /* FEMManagedObjectMapping.m in Sources */ = {isa = PBXBuildFile; fileRef = AD6EC4F8235D48DC00F3AC62 /* FEMManagedObjectMapping.m */; };
		AD6EC528235D48DD00F3AC62 /* FEMMapping.h in Headers */ = {isa = PBXBuildFile; fileRef = AD6EC4F9235D48DC00F3AC62 /* FEMMapping.h */; };
		AD6EC529235D48DD00F3AC62 /* FEMObjectDeserializer.h in Headers */ = {isa = PBXBuildFile; fileRef = AD6EC4FB235D48DC00F3AC62 /* FEMObjectDeserializer.h */; };
		AD6EC52A235D48DD00F3AC62 /* FEMManagedObjectDeserializer.m in Sources */ = {isa = PBXBuildFile; fileRef = AD6EC4FC235D48DC00F3AC62 /* FEMManagedObjectDeserializer.m */; };
		AD6EC52B235D48DD00F3AC62 /* FEMObjectDeserializer.m in Sources */ = {isa = PBXBuildFile; fileRef = AD6EC4FD235D48DC00F3AC62 /* FEMObjectDeserializer.m */; };
		AD6EC52C235D48DD00F3AC62 /* FEMManagedObjectDeserializer.h in Headers */ = {isa = PBXBuildFile; fileRef = AD6EC4FE235D48DC00F3AC62 /* FEMManagedObjectDeserializer.h */; };
		AD6EC52D235D48DD00F3AC62 /* FEMSerializer.m in Sources */ = {isa = PBXBuildFile; fileRef = AD6EC500235D48DC00F3AC62 /* FEMSerializer.m */; };
		AD6EC52E235D48DD00F3AC62 /* FEMSerializer.h in Headers */ = {isa = PBXBuildFile; fileRef = AD6EC501235D48DC00F3AC62 /* FEMSerializer.h */; };
		AD6EC52F235D48DD00F3AC62 /* FEMCache.h in Headers */ = {isa = PBXBuildFile; fileRef = AD6EC503235D48DC00F3AC62 /* FEMCache.h */; };
		AD6EC530235D48DD00F3AC62 /* FEMCache.m in Sources */ = {isa = PBXBuildFile; fileRef = AD6EC504235D48DC00F3AC62 /* FEMCache.m */; };
		AD6EC531235D48DD00F3AC62 /* FEMAssignmentPolicy.h in Headers */ = {isa = PBXBuildFile; fileRef = AD6EC506235D48DD00F3AC62 /* FEMAssignmentPolicy.h */; };
		AD6EC532235D48DD00F3AC62 /* FEMAssignmentPolicyMetadata.h in Headers */ = {isa = PBXBuildFile; fileRef = AD6EC507235D48DD00F3AC62 /* FEMAssignmentPolicyMetadata.h */; };
		AD6EC533235D48DD00F3AC62 /* FEMAssignmentPolicyMetadata.m in Sources */ = {isa = PBXBuildFile; fileRef = AD6EC508235D48DD00F3AC62 /* FEMAssignmentPolicyMetadata.m */; };
		AD6EC534235D48DD00F3AC62 /* FEMAssignmentPolicy.m in Sources */ = {isa = PBXBuildFile; fileRef = AD6EC509235D48DD00F3AC62 /* FEMAssignmentPolicy.m */; };
		AD6EC535235D48DD00F3AC62 /* FastEasyMapping.h in Headers */ = {isa = PBXBuildFile; fileRef = AD6EC50A235D48DD00F3AC62 /* FastEasyMapping.h */; };
		AD6EC536235D48DD00F3AC62 /* FEMExcludableCollection.m in Sources */ = {isa = PBXBuildFile; fileRef = AD6EC50D235D48DD00F3AC62 /* FEMExcludableCollection.m */; };
		AD6EC537235D48DD00F3AC62 /* FEMMergeableCollection.m in Sources */ = {isa = PBXBuildFile; fileRef = AD6EC50E235D48DD00F3AC62 /* FEMMergeableCollection.m */; };
		AD6EC538235D48DD00F3AC62 /* FEMExcludableCollection.h in Headers */ = {isa = PBXBuildFile; fileRef = AD6EC50F235D48DD00F3AC62 /* FEMExcludableCollection.h */; };
		AD6EC539235D48DD00F3AC62 /* FEMMergeableCollection.h in Headers */ = {isa = PBXBuildFile; fileRef = AD6EC510235D48DD00F3AC62 /* FEMMergeableCollection.h */; };
		AD6EC53A235D48DD00F3AC62 /* NSObject+FEMKVCExtension.m in Sources */ = {isa = PBXBuildFile; fileRef = AD6EC512235D48DD00F3AC62 /* NSObject+FEMKVCExtension.m */; };
		AD6EC53B235D48DD00F3AC62 /* NSArray+FEMPropertyRepresentation.h in Headers */ = {isa = PBXBuildFile; fileRef = AD6EC513235D48DD00F3AC62 /* NSArray+FEMPropertyRepresentation.h */; };
		AD6EC53C235D48DD00F3AC62 /* NSObject+FEMKVCExtension.h in Headers */ = {isa = PBXBuildFile; fileRef = AD6EC514235D48DD00F3AC62 /* NSObject+FEMKVCExtension.h */; };
		AD6EC53D235D48DD00F3AC62 /* NSArray+FEMPropertyRepresentation.m in Sources */ = {isa = PBXBuildFile; fileRef = AD6EC515235D48DD00F3AC62 /* NSArray+FEMPropertyRepresentation.m */; };
		AD6EC53E235D48DD00F3AC62 /* FEMTypes.h in Headers */ = {isa = PBXBuildFile; fileRef = AD6EC517235D48DD00F3AC62 /* FEMTypes.h */; };
		AD6EC53F235D48DD00F3AC62 /* FEMTypeIntrospection.h in Headers */ = {isa = PBXBuildFile; fileRef = AD6EC518235D48DD00F3AC62 /* FEMTypeIntrospection.h */; };
		AD6EC540235D48DD00F3AC62 /* FEMTypeIntrospection.m in Sources */ = {isa = PBXBuildFile; fileRef = AD6EC519235D48DD00F3AC62 /* FEMTypeIntrospection.m */; };
		AD80D9D9235368020069D78D /* hbutils.podspec in Resources */ = {isa = PBXBuildFile; fileRef = AD80D9D8235368010069D78D /* hbutils.podspec */; };
		AD891C82236925AE005F60AE /* HBUtilities+Alert.h in Headers */ = {isa = PBXBuildFile; fileRef = AD891C80236925AE005F60AE /* HBUtilities+Alert.h */; };
		AD891C83236925AE005F60AE /* HBUtilities+Alert.m in Sources */ = {isa = PBXBuildFile; fileRef = AD891C81236925AE005F60AE /* HBUtilities+Alert.m */; };
		AD891C8A236927CC005F60AE /* SIAlertView.m in Sources */ = {isa = PBXBuildFile; fileRef = AD891C85236927CC005F60AE /* SIAlertView.m */; };
		AD891C8B236927CC005F60AE /* SIAlertView.bundle in Resources */ = {isa = PBXBuildFile; fileRef = AD891C86236927CC005F60AE /* SIAlertView.bundle */; };
		AD891C8C236927CC005F60AE /* UIWindow+SIUtils.h in Headers */ = {isa = PBXBuildFile; fileRef = AD891C87236927CC005F60AE /* UIWindow+SIUtils.h */; };
		AD891C8D236927CC005F60AE /* SIAlertView.h in Headers */ = {isa = PBXBuildFile; fileRef = AD891C88236927CC005F60AE /* SIAlertView.h */; };
		AD891C8E236927CC005F60AE /* UIWindow+SIUtils.m in Sources */ = {isa = PBXBuildFile; fileRef = AD891C89236927CC005F60AE /* UIWindow+SIUtils.m */; };
		AD891C9723692BEB005F60AE /* NSError+HBUtils.h in Headers */ = {isa = PBXBuildFile; fileRef = AD891C9323692BEA005F60AE /* NSError+HBUtils.h */; };
		AD891C9823692BEB005F60AE /* NSURLSessionTask+HBUtils.m in Sources */ = {isa = PBXBuildFile; fileRef = AD891C9423692BEA005F60AE /* NSURLSessionTask+HBUtils.m */; };
		AD891C9923692BEB005F60AE /* NSError+HBUtils.m in Sources */ = {isa = PBXBuildFile; fileRef = AD891C9523692BEB005F60AE /* NSError+HBUtils.m */; };
		AD891C9A23692BEB005F60AE /* NSURLSessionTask+HBUtils.h in Headers */ = {isa = PBXBuildFile; fileRef = AD891C9623692BEB005F60AE /* NSURLSessionTask+HBUtils.h */; };
		AD891CA123692FF6005F60AE /* HBUtiliyAPIManager.h in Headers */ = {isa = PBXBuildFile; fileRef = AD891C9F23692FF5005F60AE /* HBUtiliyAPIManager.h */; };
		AD891CA223692FF6005F60AE /* HBUtiliyAPIManager.m in Sources */ = {isa = PBXBuildFile; fileRef = AD891CA023692FF5005F60AE /* HBUtiliyAPIManager.m */; };
		AD8D6785236A899700DA954D /* HBUtils-Bridging-Header.h in Headers */ = {isa = PBXBuildFile; fileRef = AD8D6784236A899700DA954D /* HBUtils-Bridging-Header.h */; };
		AD95299C23668BC9000D8195 /* UIViewController+HBUtils.h in Headers */ = {isa = PBXBuildFile; fileRef = AD95299A23668BC9000D8195 /* UIViewController+HBUtils.h */; };
		AD95299D23668BC9000D8195 /* UIViewController+HBUtils.m in Sources */ = {isa = PBXBuildFile; fileRef = AD95299B23668BC9000D8195 /* UIViewController+HBUtils.m */; };
		AD9529A023668CBC000D8195 /* HBUtilities.h in Headers */ = {isa = PBXBuildFile; fileRef = AD95299E23668CBC000D8195 /* HBUtilities.h */; };
		AD9529A123668CBC000D8195 /* HBUtilities.m in Sources */ = {isa = PBXBuildFile; fileRef = AD95299F23668CBC000D8195 /* HBUtilities.m */; };
		ADCEB6762359A1ED00794BE5 /* HBUtilsBaseCell.h in Headers */ = {isa = PBXBuildFile; fileRef = ADCEB6742359A1ED00794BE5 /* HBUtilsBaseCell.h */; };
		ADCEB6772359A1ED00794BE5 /* HBUtilsBaseCell.m in Sources */ = {isa = PBXBuildFile; fileRef = ADCEB6752359A1ED00794BE5 /* HBUtilsBaseCell.m */; };
		ADCEB67A2359A28700794BE5 /* HBUtilsBaseCVC.h in Headers */ = {isa = PBXBuildFile; fileRef = ADCEB6782359A28700794BE5 /* HBUtilsBaseCVC.h */; };
		ADCEB67B2359A28700794BE5 /* HBUtilsBaseCVC.m in Sources */ = {isa = PBXBuildFile; fileRef = ADCEB6792359A28700794BE5 /* HBUtilsBaseCVC.m */; };
		ADCEB67E2359A2F000794BE5 /* HBUtilsBaseVC.h in Headers */ = {isa = PBXBuildFile; fileRef = ADCEB67C2359A2F000794BE5 /* HBUtilsBaseVC.h */; };
		ADCEB67F2359A2F000794BE5 /* HBUtilsBaseVC.m in Sources */ = {isa = PBXBuildFile; fileRef = ADCEB67D2359A2F000794BE5 /* HBUtilsBaseVC.m */; };
		ADEEA01C2353706E00A91757 /* EXTRuntimeExtensions.h in Headers */ = {isa = PBXBuildFile; fileRef = ADEEA0172353706E00A91757 /* EXTRuntimeExtensions.h */; };
		ADEEA01D2353706E00A91757 /* metamacros.h in Headers */ = {isa = PBXBuildFile; fileRef = ADEEA0182353706E00A91757 /* metamacros.h */; };
		ADEEA01E2353706E00A91757 /* EXTScope.m in Sources */ = {isa = PBXBuildFile; fileRef = ADEEA0192353706E00A91757 /* EXTScope.m */; };
		ADEEA01F2353706E00A91757 /* EXTRuntimeExtensions.m in Sources */ = {isa = PBXBuildFile; fileRef = ADEEA01A2353706E00A91757 /* EXTRuntimeExtensions.m */; };
		ADEEA0202353706E00A91757 /* EXTScope.h in Headers */ = {isa = PBXBuildFile; fileRef = ADEEA01B2353706E00A91757 /* EXTScope.h */; };
		D24ADBA4BF34D54D1A5E02FF /* Pods_HBUtils.framework in Frameworks */ = {isa = PBXBuildFile; fileRef = C892905F062E99D8724E5F77 /* Pods_HBUtils.framework */; };
/* End PBXBuildFile section */

/* Begin PBXFileReference section */
		085D8A1E761EA5398EC14921 /* Pods-HBUtils.debug.xcconfig */ = {isa = PBXFileReference; includeInIndex = 1; lastKnownFileType = text.xcconfig; name = "Pods-HBUtils.debug.xcconfig"; path = "Target Support Files/Pods-HBUtils/Pods-HBUtils.debug.xcconfig"; sourceTree = "<group>"; };
		9480253D6B42A85A50E0CE0C /* Pods-HBUtils.release.xcconfig */ = {isa = PBXFileReference; includeInIndex = 1; lastKnownFileType = text.xcconfig; name = "Pods-HBUtils.release.xcconfig"; path = "Target Support Files/Pods-HBUtils/Pods-HBUtils.release.xcconfig"; sourceTree = "<group>"; };
		AD038C8B2340DE7400E5668E /* HBUtils.framework */ = {isa = PBXFileReference; explicitFileType = wrapper.framework; includeInIndex = 0; path = HBUtils.framework; sourceTree = BUILT_PRODUCTS_DIR; };
		AD038C8E2340DE7400E5668E /* HBUtils.h */ = {isa = PBXFileReference; lastKnownFileType = sourcecode.c.h; path = HBUtils.h; sourceTree = "<group>"; };
		AD038C8F2340DE7400E5668E /* Info.plist */ = {isa = PBXFileReference; lastKnownFileType = text.plist.xml; path = Info.plist; sourceTree = "<group>"; };
		AD3D11392378675B00EBF470 /* HBUtilsBaseView.h */ = {isa = PBXFileReference; lastKnownFileType = sourcecode.c.h; path = HBUtilsBaseView.h; sourceTree = "<group>"; };
		AD3D113A2378675B00EBF470 /* HBUtilsBaseView.m */ = {isa = PBXFileReference; lastKnownFileType = sourcecode.c.objc; path = HBUtilsBaseView.m; sourceTree = "<group>"; };
		AD3D113D237867B700EBF470 /* HBUtilsBaseFormSheetVC.h */ = {isa = PBXFileReference; lastKnownFileType = sourcecode.c.h; path = HBUtilsBaseFormSheetVC.h; sourceTree = "<group>"; };
		AD3D113E237867B700EBF470 /* HBUtilsBaseFormSheetVC.m */ = {isa = PBXFileReference; lastKnownFileType = sourcecode.c.objc; path = HBUtilsBaseFormSheetVC.m; sourceTree = "<group>"; };
		AD6EC440235D38D000F3AC62 /* HBUtilsBaseManagedObject.h */ = {isa = PBXFileReference; lastKnownFileType = sourcecode.c.h; path = HBUtilsBaseManagedObject.h; sourceTree = "<group>"; };
		AD6EC441235D38D000F3AC62 /* HBUtilsBaseManagedObject.m */ = {isa = PBXFileReference; lastKnownFileType = sourcecode.c.objc; path = HBUtilsBaseManagedObject.m; sourceTree = "<group>"; };
		AD6EC445235D3A4100F3AC62 /* HBUtilsMacros.h */ = {isa = PBXFileReference; fileEncoding = 4; lastKnownFileType = sourcecode.c.h; path = HBUtilsMacros.h; sourceTree = "<group>"; };
		AD6EC446235D3A4100F3AC62 /* HBUtilsMacros.m */ = {isa = PBXFileReference; fileEncoding = 4; lastKnownFileType = sourcecode.c.objc; path = HBUtilsMacros.m; sourceTree = "<group>"; };
		AD6EC447235D3A4100F3AC62 /* HBDefineColor.h */ = {isa = PBXFileReference; fileEncoding = 4; lastKnownFileType = sourcecode.c.h; path = HBDefineColor.h; sourceTree = "<group>"; };
		AD6EC449235D3A4100F3AC62 /* NSDictionary+HBUtils.h */ = {isa = PBXFileReference; fileEncoding = 4; lastKnownFileType = sourcecode.c.h; path = "NSDictionary+HBUtils.h"; sourceTree = "<group>"; };
		AD6EC44A235D3A4100F3AC62 /* UITextField+HBUtils.m */ = {isa = PBXFileReference; fileEncoding = 4; lastKnownFileType = sourcecode.c.objc; path = "UITextField+HBUtils.m"; sourceTree = "<group>"; };
		AD6EC44B235D3A4100F3AC62 /* UITableView+HBUtils.m */ = {isa = PBXFileReference; fileEncoding = 4; lastKnownFileType = sourcecode.c.objc; path = "UITableView+HBUtils.m"; sourceTree = "<group>"; };
		AD6EC44C235D3A4100F3AC62 /* NSAttributedString+HBUtils.m */ = {isa = PBXFileReference; fileEncoding = 4; lastKnownFileType = sourcecode.c.objc; path = "NSAttributedString+HBUtils.m"; sourceTree = "<group>"; };
		AD6EC44D235D3A4100F3AC62 /* NSArray+HBUtils.m */ = {isa = PBXFileReference; fileEncoding = 4; lastKnownFileType = sourcecode.c.objc; path = "NSArray+HBUtils.m"; sourceTree = "<group>"; };
		AD6EC44E235D3A4100F3AC62 /* UIView+HBUtils.h */ = {isa = PBXFileReference; fileEncoding = 4; lastKnownFileType = sourcecode.c.h; path = "UIView+HBUtils.h"; sourceTree = "<group>"; };
		AD6EC44F235D3A4100F3AC62 /* NSDate+HBUtils.m */ = {isa = PBXFileReference; fileEncoding = 4; lastKnownFileType = sourcecode.c.objc; path = "NSDate+HBUtils.m"; sourceTree = "<group>"; };
		AD6EC450235D3A4100F3AC62 /* NSObject+HBUtils.h */ = {isa = PBXFileReference; fileEncoding = 4; lastKnownFileType = sourcecode.c.h; path = "NSObject+HBUtils.h"; sourceTree = "<group>"; };
		AD6EC451235D3A4100F3AC62 /* UILabel+HBUtils.m */ = {isa = PBXFileReference; fileEncoding = 4; lastKnownFileType = sourcecode.c.objc; path = "UILabel+HBUtils.m"; sourceTree = "<group>"; };
		AD6EC452235D3A4100F3AC62 /* NSNumber+HBUtils.m */ = {isa = PBXFileReference; fileEncoding = 4; lastKnownFileType = sourcecode.c.objc; path = "NSNumber+HBUtils.m"; sourceTree = "<group>"; };
		AD6EC453235D3A4100F3AC62 /* UIButton+HBUtils.h */ = {isa = PBXFileReference; fileEncoding = 4; lastKnownFileType = sourcecode.c.h; path = "UIButton+HBUtils.h"; sourceTree = "<group>"; };
		AD6EC454235D3A4100F3AC62 /* UITextView+HBUtils.m */ = {isa = PBXFileReference; fileEncoding = 4; lastKnownFileType = sourcecode.c.objc; path = "UITextView+HBUtils.m"; sourceTree = "<group>"; };
		AD6EC455235D3A4100F3AC62 /* NSString+HBUtils.m */ = {isa = PBXFileReference; fileEncoding = 4; lastKnownFileType = sourcecode.c.objc; path = "NSString+HBUtils.m"; sourceTree = "<group>"; };
		AD6EC456235D3A4100F3AC62 /* UICollectionView+HBUtils.m */ = {isa = PBXFileReference; fileEncoding = 4; lastKnownFileType = sourcecode.c.objc; path = "UICollectionView+HBUtils.m"; sourceTree = "<group>"; };
		AD6EC457235D3A4100F3AC62 /* UIImage+HBUtils.m */ = {isa = PBXFileReference; fileEncoding = 4; lastKnownFileType = sourcecode.c.objc; path = "UIImage+HBUtils.m"; sourceTree = "<group>"; };
		AD6EC458235D3A4100F3AC62 /* NSDictionary+HBUtils.m */ = {isa = PBXFileReference; fileEncoding = 4; lastKnownFileType = sourcecode.c.objc; path = "NSDictionary+HBUtils.m"; sourceTree = "<group>"; };
		AD6EC459235D3A4100F3AC62 /* UITextField+HBUtils.h */ = {isa = PBXFileReference; fileEncoding = 4; lastKnownFileType = sourcecode.c.h; path = "UITextField+HBUtils.h"; sourceTree = "<group>"; };
		AD6EC45A235D3A4100F3AC62 /* NSObject+HBUtils.m */ = {isa = PBXFileReference; fileEncoding = 4; lastKnownFileType = sourcecode.c.objc; path = "NSObject+HBUtils.m"; sourceTree = "<group>"; };
		AD6EC45B235D3A4100F3AC62 /* NSDate+HBUtils.h */ = {isa = PBXFileReference; fileEncoding = 4; lastKnownFileType = sourcecode.c.h; path = "NSDate+HBUtils.h"; sourceTree = "<group>"; };
		AD6EC45C235D3A4100F3AC62 /* UIView+HBUtils.m */ = {isa = PBXFileReference; fileEncoding = 4; lastKnownFileType = sourcecode.c.objc; path = "UIView+HBUtils.m"; sourceTree = "<group>"; };
		AD6EC45D235D3A4100F3AC62 /* NSAttributedString+HBUtils.h */ = {isa = PBXFileReference; fileEncoding = 4; lastKnownFileType = sourcecode.c.h; path = "NSAttributedString+HBUtils.h"; sourceTree = "<group>"; };
		AD6EC45E235D3A4100F3AC62 /* NSArray+HBUtils.h */ = {isa = PBXFileReference; fileEncoding = 4; lastKnownFileType = sourcecode.c.h; path = "NSArray+HBUtils.h"; sourceTree = "<group>"; };
		AD6EC45F235D3A4100F3AC62 /* UITableView+HBUtils.h */ = {isa = PBXFileReference; fileEncoding = 4; lastKnownFileType = sourcecode.c.h; path = "UITableView+HBUtils.h"; sourceTree = "<group>"; };
		AD6EC460235D3A4100F3AC62 /* UIButton+HBUtils.m */ = {isa = PBXFileReference; fileEncoding = 4; lastKnownFileType = sourcecode.c.objc; path = "UIButton+HBUtils.m"; sourceTree = "<group>"; };
		AD6EC461235D3A4100F3AC62 /* NSNumber+HBUtils.h */ = {isa = PBXFileReference; fileEncoding = 4; lastKnownFileType = sourcecode.c.h; path = "NSNumber+HBUtils.h"; sourceTree = "<group>"; };
		AD6EC462235D3A4100F3AC62 /* UILabel+HBUtils.h */ = {isa = PBXFileReference; fileEncoding = 4; lastKnownFileType = sourcecode.c.h; path = "UILabel+HBUtils.h"; sourceTree = "<group>"; };
		AD6EC463235D3A4100F3AC62 /* UIImage+HBUtils.h */ = {isa = PBXFileReference; fileEncoding = 4; lastKnownFileType = sourcecode.c.h; path = "UIImage+HBUtils.h"; sourceTree = "<group>"; };
		AD6EC464235D3A4100F3AC62 /* UICollectionView+HBUtils.h */ = {isa = PBXFileReference; fileEncoding = 4; lastKnownFileType = sourcecode.c.h; path = "UICollectionView+HBUtils.h"; sourceTree = "<group>"; };
		AD6EC465235D3A4100F3AC62 /* NSString+HBUtils.h */ = {isa = PBXFileReference; fileEncoding = 4; lastKnownFileType = sourcecode.c.h; path = "NSString+HBUtils.h"; sourceTree = "<group>"; };
		AD6EC466235D3A4100F3AC62 /* UITextView+HBUtils.h */ = {isa = PBXFileReference; fileEncoding = 4; lastKnownFileType = sourcecode.c.h; path = "UITextView+HBUtils.h"; sourceTree = "<group>"; };
		AD6EC4E9235D48DC00F3AC62 /* FEMAttributeMapping.h */ = {isa = PBXFileReference; fileEncoding = 4; lastKnownFileType = sourcecode.c.h; path = FEMAttributeMapping.h; sourceTree = "<group>"; };
		AD6EC4EA235D48DC00F3AC62 /* FEMAttribute+Extension.m */ = {isa = PBXFileReference; fileEncoding = 4; lastKnownFileType = sourcecode.c.objc; path = "FEMAttribute+Extension.m"; sourceTree = "<group>"; };
		AD6EC4EB235D48DC00F3AC62 /* FEMAttribute.h */ = {isa = PBXFileReference; fileEncoding = 4; lastKnownFileType = sourcecode.c.h; path = FEMAttribute.h; sourceTree = "<group>"; };
		AD6EC4EC235D48DC00F3AC62 /* FEMAttribute+Extension.h */ = {isa = PBXFileReference; fileEncoding = 4; lastKnownFileType = sourcecode.c.h; path = "FEMAttribute+Extension.h"; sourceTree = "<group>"; };
		AD6EC4ED235D48DC00F3AC62 /* FEMAttribute.m */ = {isa = PBXFileReference; fileEncoding = 4; lastKnownFileType = sourcecode.c.objc; path = FEMAttribute.m; sourceTree = "<group>"; };
		AD6EC4EE235D48DC00F3AC62 /* FEMProperty.h */ = {isa = PBXFileReference; fileEncoding = 4; lastKnownFileType = sourcecode.c.h; path = FEMProperty.h; sourceTree = "<group>"; };
		AD6EC4EF235D48DC00F3AC62 /* FEMMapping.m */ = {isa = PBXFileReference; fileEncoding = 4; lastKnownFileType = sourcecode.c.objc; path = FEMMapping.m; sourceTree = "<group>"; };
		AD6EC4F1235D48DC00F3AC62 /* FEMRelationshipMapping.h */ = {isa = PBXFileReference; fileEncoding = 4; lastKnownFileType = sourcecode.c.h; path = FEMRelationshipMapping.h; sourceTree = "<group>"; };
		AD6EC4F2235D48DC00F3AC62 /* FEMRelationship.m */ = {isa = PBXFileReference; fileEncoding = 4; lastKnownFileType = sourcecode.c.objc; path = FEMRelationship.m; sourceTree = "<group>"; };
		AD6EC4F3235D48DC00F3AC62 /* FEMRelationship.h */ = {isa = PBXFileReference; fileEncoding = 4; lastKnownFileType = sourcecode.c.h; path = FEMRelationship.h; sourceTree = "<group>"; };
		AD6EC4F5235D48DC00F3AC62 /* FEMObjectMapping.h */ = {isa = PBXFileReference; fileEncoding = 4; lastKnownFileType = sourcecode.c.h; path = FEMObjectMapping.h; sourceTree = "<group>"; };
		AD6EC4F6235D48DC00F3AC62 /* FEMManagedObjectMapping.h */ = {isa = PBXFileReference; fileEncoding = 4; lastKnownFileType = sourcecode.c.h; path = FEMManagedObjectMapping.h; sourceTree = "<group>"; };
		AD6EC4F7235D48DC00F3AC62 /* FEMObjectMapping.m */ = {isa = PBXFileReference; fileEncoding = 4; lastKnownFileType = sourcecode.c.objc; path = FEMObjectMapping.m; sourceTree = "<group>"; };
		AD6EC4F8235D48DC00F3AC62 /* FEMManagedObjectMapping.m */ = {isa = PBXFileReference; fileEncoding = 4; lastKnownFileType = sourcecode.c.objc; path = FEMManagedObjectMapping.m; sourceTree = "<group>"; };
		AD6EC4F9235D48DC00F3AC62 /* FEMMapping.h */ = {isa = PBXFileReference; fileEncoding = 4; lastKnownFileType = sourcecode.c.h; path = FEMMapping.h; sourceTree = "<group>"; };
		AD6EC4FB235D48DC00F3AC62 /* FEMObjectDeserializer.h */ = {isa = PBXFileReference; fileEncoding = 4; lastKnownFileType = sourcecode.c.h; path = FEMObjectDeserializer.h; sourceTree = "<group>"; };
		AD6EC4FC235D48DC00F3AC62 /* FEMManagedObjectDeserializer.m */ = {isa = PBXFileReference; fileEncoding = 4; lastKnownFileType = sourcecode.c.objc; path = FEMManagedObjectDeserializer.m; sourceTree = "<group>"; };
		AD6EC4FD235D48DC00F3AC62 /* FEMObjectDeserializer.m */ = {isa = PBXFileReference; fileEncoding = 4; lastKnownFileType = sourcecode.c.objc; path = FEMObjectDeserializer.m; sourceTree = "<group>"; };
		AD6EC4FE235D48DC00F3AC62 /* FEMManagedObjectDeserializer.h */ = {isa = PBXFileReference; fileEncoding = 4; lastKnownFileType = sourcecode.c.h; path = FEMManagedObjectDeserializer.h; sourceTree = "<group>"; };
		AD6EC500235D48DC00F3AC62 /* FEMSerializer.m */ = {isa = PBXFileReference; fileEncoding = 4; lastKnownFileType = sourcecode.c.objc; path = FEMSerializer.m; sourceTree = "<group>"; };
		AD6EC501235D48DC00F3AC62 /* FEMSerializer.h */ = {isa = PBXFileReference; fileEncoding = 4; lastKnownFileType = sourcecode.c.h; path = FEMSerializer.h; sourceTree = "<group>"; };
		AD6EC503235D48DC00F3AC62 /* FEMCache.h */ = {isa = PBXFileReference; fileEncoding = 4; lastKnownFileType = sourcecode.c.h; path = FEMCache.h; sourceTree = "<group>"; };
		AD6EC504235D48DC00F3AC62 /* FEMCache.m */ = {isa = PBXFileReference; fileEncoding = 4; lastKnownFileType = sourcecode.c.objc; path = FEMCache.m; sourceTree = "<group>"; };
		AD6EC506235D48DD00F3AC62 /* FEMAssignmentPolicy.h */ = {isa = PBXFileReference; fileEncoding = 4; lastKnownFileType = sourcecode.c.h; path = FEMAssignmentPolicy.h; sourceTree = "<group>"; };
		AD6EC507235D48DD00F3AC62 /* FEMAssignmentPolicyMetadata.h */ = {isa = PBXFileReference; fileEncoding = 4; lastKnownFileType = sourcecode.c.h; path = FEMAssignmentPolicyMetadata.h; sourceTree = "<group>"; };
		AD6EC508235D48DD00F3AC62 /* FEMAssignmentPolicyMetadata.m */ = {isa = PBXFileReference; fileEncoding = 4; lastKnownFileType = sourcecode.c.objc; path = FEMAssignmentPolicyMetadata.m; sourceTree = "<group>"; };
		AD6EC509235D48DD00F3AC62 /* FEMAssignmentPolicy.m */ = {isa = PBXFileReference; fileEncoding = 4; lastKnownFileType = sourcecode.c.objc; path = FEMAssignmentPolicy.m; sourceTree = "<group>"; };
		AD6EC50A235D48DD00F3AC62 /* FastEasyMapping.h */ = {isa = PBXFileReference; fileEncoding = 4; lastKnownFileType = sourcecode.c.h; path = FastEasyMapping.h; sourceTree = "<group>"; };
		AD6EC50D235D48DD00F3AC62 /* FEMExcludableCollection.m */ = {isa = PBXFileReference; fileEncoding = 4; lastKnownFileType = sourcecode.c.objc; path = FEMExcludableCollection.m; sourceTree = "<group>"; };
		AD6EC50E235D48DD00F3AC62 /* FEMMergeableCollection.m */ = {isa = PBXFileReference; fileEncoding = 4; lastKnownFileType = sourcecode.c.objc; path = FEMMergeableCollection.m; sourceTree = "<group>"; };
		AD6EC50F235D48DD00F3AC62 /* FEMExcludableCollection.h */ = {isa = PBXFileReference; fileEncoding = 4; lastKnownFileType = sourcecode.c.h; path = FEMExcludableCollection.h; sourceTree = "<group>"; };
		AD6EC510235D48DD00F3AC62 /* FEMMergeableCollection.h */ = {isa = PBXFileReference; fileEncoding = 4; lastKnownFileType = sourcecode.c.h; path = FEMMergeableCollection.h; sourceTree = "<group>"; };
		AD6EC512235D48DD00F3AC62 /* NSObject+FEMKVCExtension.m */ = {isa = PBXFileReference; fileEncoding = 4; lastKnownFileType = sourcecode.c.objc; path = "NSObject+FEMKVCExtension.m"; sourceTree = "<group>"; };
		AD6EC513235D48DD00F3AC62 /* NSArray+FEMPropertyRepresentation.h */ = {isa = PBXFileReference; fileEncoding = 4; lastKnownFileType = sourcecode.c.h; path = "NSArray+FEMPropertyRepresentation.h"; sourceTree = "<group>"; };
		AD6EC514235D48DD00F3AC62 /* NSObject+FEMKVCExtension.h */ = {isa = PBXFileReference; fileEncoding = 4; lastKnownFileType = sourcecode.c.h; path = "NSObject+FEMKVCExtension.h"; sourceTree = "<group>"; };
		AD6EC515235D48DD00F3AC62 /* NSArray+FEMPropertyRepresentation.m */ = {isa = PBXFileReference; fileEncoding = 4; lastKnownFileType = sourcecode.c.objc; path = "NSArray+FEMPropertyRepresentation.m"; sourceTree = "<group>"; };
		AD6EC517235D48DD00F3AC62 /* FEMTypes.h */ = {isa = PBXFileReference; fileEncoding = 4; lastKnownFileType = sourcecode.c.h; path = FEMTypes.h; sourceTree = "<group>"; };
		AD6EC518235D48DD00F3AC62 /* FEMTypeIntrospection.h */ = {isa = PBXFileReference; fileEncoding = 4; lastKnownFileType = sourcecode.c.h; path = FEMTypeIntrospection.h; sourceTree = "<group>"; };
		AD6EC519235D48DD00F3AC62 /* FEMTypeIntrospection.m */ = {isa = PBXFileReference; fileEncoding = 4; lastKnownFileType = sourcecode.c.objc; path = FEMTypeIntrospection.m; sourceTree = "<group>"; };
		AD80D9D8235368010069D78D /* hbutils.podspec */ = {isa = PBXFileReference; fileEncoding = 4; lastKnownFileType = text; name = hbutils.podspec; path = ../hbutils.podspec; sourceTree = "<group>"; };
		AD891C80236925AE005F60AE /* HBUtilities+Alert.h */ = {isa = PBXFileReference; lastKnownFileType = sourcecode.c.h; path = "HBUtilities+Alert.h"; sourceTree = "<group>"; };
		AD891C81236925AE005F60AE /* HBUtilities+Alert.m */ = {isa = PBXFileReference; lastKnownFileType = sourcecode.c.objc; path = "HBUtilities+Alert.m"; sourceTree = "<group>"; };
		AD891C85236927CC005F60AE /* SIAlertView.m */ = {isa = PBXFileReference; fileEncoding = 4; lastKnownFileType = sourcecode.c.objc; path = SIAlertView.m; sourceTree = "<group>"; };
		AD891C86236927CC005F60AE /* SIAlertView.bundle */ = {isa = PBXFileReference; lastKnownFileType = "wrapper.plug-in"; path = SIAlertView.bundle; sourceTree = "<group>"; };
		AD891C87236927CC005F60AE /* UIWindow+SIUtils.h */ = {isa = PBXFileReference; fileEncoding = 4; lastKnownFileType = sourcecode.c.h; path = "UIWindow+SIUtils.h"; sourceTree = "<group>"; };
		AD891C88236927CC005F60AE /* SIAlertView.h */ = {isa = PBXFileReference; fileEncoding = 4; lastKnownFileType = sourcecode.c.h; path = SIAlertView.h; sourceTree = "<group>"; };
		AD891C89236927CC005F60AE /* UIWindow+SIUtils.m */ = {isa = PBXFileReference; fileEncoding = 4; lastKnownFileType = sourcecode.c.objc; path = "UIWindow+SIUtils.m"; sourceTree = "<group>"; };
		AD891C9323692BEA005F60AE /* NSError+HBUtils.h */ = {isa = PBXFileReference; fileEncoding = 4; lastKnownFileType = sourcecode.c.h; path = "NSError+HBUtils.h"; sourceTree = "<group>"; };
		AD891C9423692BEA005F60AE /* NSURLSessionTask+HBUtils.m */ = {isa = PBXFileReference; fileEncoding = 4; lastKnownFileType = sourcecode.c.objc; path = "NSURLSessionTask+HBUtils.m"; sourceTree = "<group>"; };
		AD891C9523692BEB005F60AE /* NSError+HBUtils.m */ = {isa = PBXFileReference; fileEncoding = 4; lastKnownFileType = sourcecode.c.objc; path = "NSError+HBUtils.m"; sourceTree = "<group>"; };
		AD891C9623692BEB005F60AE /* NSURLSessionTask+HBUtils.h */ = {isa = PBXFileReference; fileEncoding = 4; lastKnownFileType = sourcecode.c.h; path = "NSURLSessionTask+HBUtils.h"; sourceTree = "<group>"; };
		AD891C9F23692FF5005F60AE /* HBUtiliyAPIManager.h */ = {isa = PBXFileReference; fileEncoding = 4; lastKnownFileType = sourcecode.c.h; path = HBUtiliyAPIManager.h; sourceTree = "<group>"; };
		AD891CA023692FF5005F60AE /* HBUtiliyAPIManager.m */ = {isa = PBXFileReference; fileEncoding = 4; lastKnownFileType = sourcecode.c.objc; path = HBUtiliyAPIManager.m; sourceTree = "<group>"; };
		AD8D6784236A899700DA954D /* HBUtils-Bridging-Header.h */ = {isa = PBXFileReference; fileEncoding = 4; lastKnownFileType = sourcecode.c.h; path = "HBUtils-Bridging-Header.h"; sourceTree = "<group>"; };
		AD95299A23668BC9000D8195 /* UIViewController+HBUtils.h */ = {isa = PBXFileReference; lastKnownFileType = sourcecode.c.h; path = "UIViewController+HBUtils.h"; sourceTree = "<group>"; };
		AD95299B23668BC9000D8195 /* UIViewController+HBUtils.m */ = {isa = PBXFileReference; lastKnownFileType = sourcecode.c.objc; path = "UIViewController+HBUtils.m"; sourceTree = "<group>"; };
		AD95299E23668CBC000D8195 /* HBUtilities.h */ = {isa = PBXFileReference; lastKnownFileType = sourcecode.c.h; path = HBUtilities.h; sourceTree = "<group>"; };
		AD95299F23668CBC000D8195 /* HBUtilities.m */ = {isa = PBXFileReference; lastKnownFileType = sourcecode.c.objc; path = HBUtilities.m; sourceTree = "<group>"; };
		ADCEB6742359A1ED00794BE5 /* HBUtilsBaseCell.h */ = {isa = PBXFileReference; lastKnownFileType = sourcecode.c.h; path = HBUtilsBaseCell.h; sourceTree = "<group>"; };
		ADCEB6752359A1ED00794BE5 /* HBUtilsBaseCell.m */ = {isa = PBXFileReference; lastKnownFileType = sourcecode.c.objc; path = HBUtilsBaseCell.m; sourceTree = "<group>"; };
		ADCEB6782359A28700794BE5 /* HBUtilsBaseCVC.h */ = {isa = PBXFileReference; lastKnownFileType = sourcecode.c.h; path = HBUtilsBaseCVC.h; sourceTree = "<group>"; };
		ADCEB6792359A28700794BE5 /* HBUtilsBaseCVC.m */ = {isa = PBXFileReference; lastKnownFileType = sourcecode.c.objc; path = HBUtilsBaseCVC.m; sourceTree = "<group>"; };
		ADCEB67C2359A2F000794BE5 /* HBUtilsBaseVC.h */ = {isa = PBXFileReference; lastKnownFileType = sourcecode.c.h; path = HBUtilsBaseVC.h; sourceTree = "<group>"; };
		ADCEB67D2359A2F000794BE5 /* HBUtilsBaseVC.m */ = {isa = PBXFileReference; lastKnownFileType = sourcecode.c.objc; path = HBUtilsBaseVC.m; sourceTree = "<group>"; };
		ADEEA0172353706E00A91757 /* EXTRuntimeExtensions.h */ = {isa = PBXFileReference; fileEncoding = 4; lastKnownFileType = sourcecode.c.h; path = EXTRuntimeExtensions.h; sourceTree = "<group>"; };
		ADEEA0182353706E00A91757 /* metamacros.h */ = {isa = PBXFileReference; fileEncoding = 4; lastKnownFileType = sourcecode.c.h; path = metamacros.h; sourceTree = "<group>"; };
		ADEEA0192353706E00A91757 /* EXTScope.m */ = {isa = PBXFileReference; fileEncoding = 4; lastKnownFileType = sourcecode.c.objc; path = EXTScope.m; sourceTree = "<group>"; };
		ADEEA01A2353706E00A91757 /* EXTRuntimeExtensions.m */ = {isa = PBXFileReference; fileEncoding = 4; lastKnownFileType = sourcecode.c.objc; path = EXTRuntimeExtensions.m; sourceTree = "<group>"; };
		ADEEA01B2353706E00A91757 /* EXTScope.h */ = {isa = PBXFileReference; fileEncoding = 4; lastKnownFileType = sourcecode.c.h; path = EXTScope.h; sourceTree = "<group>"; };
		C892905F062E99D8724E5F77 /* Pods_HBUtils.framework */ = {isa = PBXFileReference; explicitFileType = wrapper.framework; includeInIndex = 0; path = Pods_HBUtils.framework; sourceTree = BUILT_PRODUCTS_DIR; };
/* End PBXFileReference section */

/* Begin PBXFrameworksBuildPhase section */
		AD038C882340DE7400E5668E /* Frameworks */ = {
			isa = PBXFrameworksBuildPhase;
			buildActionMask = 2147483647;
			files = (
				D24ADBA4BF34D54D1A5E02FF /* Pods_HBUtils.framework in Frameworks */,
			);
			runOnlyForDeploymentPostprocessing = 0;
		};
/* End PBXFrameworksBuildPhase section */

/* Begin PBXGroup section */
		6F6A6332E84E8B5C01ECA097 /* Frameworks */ = {
			isa = PBXGroup;
			children = (
				C892905F062E99D8724E5F77 /* Pods_HBUtils.framework */,
			);
			name = Frameworks;
			sourceTree = "<group>";
		};
		AD038C812340DE7400E5668E = {
			isa = PBXGroup;
			children = (
				AD80D9D8235368010069D78D /* hbutils.podspec */,
				AD038C8D2340DE7400E5668E /* HBUtils */,
				AD038C8C2340DE7400E5668E /* Products */,
				EFA303144CB7F88E3DACD216 /* Pods */,
				6F6A6332E84E8B5C01ECA097 /* Frameworks */,
			);
			sourceTree = "<group>";
		};
		AD038C8C2340DE7400E5668E /* Products */ = {
			isa = PBXGroup;
			children = (
				AD038C8B2340DE7400E5668E /* HBUtils.framework */,
			);
			name = Products;
			sourceTree = "<group>";
		};
		AD038C8D2340DE7400E5668E /* HBUtils */ = {
			isa = PBXGroup;
			children = (
				AD286B5723693B540042A291 /* VendoredFrameworks */,
				AD80D9CB23535EB60069D78D /* Classes */,
				AD038C8E2340DE7400E5668E /* HBUtils.h */,
				AD8D6784236A899700DA954D /* HBUtils-Bridging-Header.h */,
				AD038C8F2340DE7400E5668E /* Info.plist */,
			);
			path = HBUtils;
			sourceTree = "<group>";
		};
		AD286B5723693B540042A291 /* VendoredFrameworks */ = {
			isa = PBXGroup;
			children = (
			);
			path = VendoredFrameworks;
			sourceTree = SOURCE_ROOT;
		};
		AD6EC444235D3A4100F3AC62 /* Others */ = {
			isa = PBXGroup;
			children = (
				AD6EC447235D3A4100F3AC62 /* HBDefineColor.h */,
				AD6EC445235D3A4100F3AC62 /* HBUtilsMacros.h */,
				AD6EC446235D3A4100F3AC62 /* HBUtilsMacros.m */,
				AD95299E23668CBC000D8195 /* HBUtilities.h */,
				AD95299F23668CBC000D8195 /* HBUtilities.m */,
				AD891C80236925AE005F60AE /* HBUtilities+Alert.h */,
				AD891C81236925AE005F60AE /* HBUtilities+Alert.m */,
				AD891C9F23692FF5005F60AE /* HBUtiliyAPIManager.h */,
				AD891CA023692FF5005F60AE /* HBUtiliyAPIManager.m */,
			);
			path = Others;
			sourceTree = "<group>";
		};
		AD6EC448235D3A4100F3AC62 /* Categories */ = {
			isa = PBXGroup;
			children = (
				AD6EC45E235D3A4100F3AC62 /* NSArray+HBUtils.h */,
				AD6EC44D235D3A4100F3AC62 /* NSArray+HBUtils.m */,
				AD6EC45D235D3A4100F3AC62 /* NSAttributedString+HBUtils.h */,
				AD6EC44C235D3A4100F3AC62 /* NSAttributedString+HBUtils.m */,
				AD6EC45B235D3A4100F3AC62 /* NSDate+HBUtils.h */,
				AD6EC44F235D3A4100F3AC62 /* NSDate+HBUtils.m */,
				AD6EC449235D3A4100F3AC62 /* NSDictionary+HBUtils.h */,
				AD6EC458235D3A4100F3AC62 /* NSDictionary+HBUtils.m */,
				AD891C9323692BEA005F60AE /* NSError+HBUtils.h */,
				AD891C9523692BEB005F60AE /* NSError+HBUtils.m */,
				AD6EC461235D3A4100F3AC62 /* NSNumber+HBUtils.h */,
				AD6EC452235D3A4100F3AC62 /* NSNumber+HBUtils.m */,
				AD6EC450235D3A4100F3AC62 /* NSObject+HBUtils.h */,
				AD6EC45A235D3A4100F3AC62 /* NSObject+HBUtils.m */,
				AD6EC465235D3A4100F3AC62 /* NSString+HBUtils.h */,
				AD6EC455235D3A4100F3AC62 /* NSString+HBUtils.m */,
				AD891C9623692BEB005F60AE /* NSURLSessionTask+HBUtils.h */,
				AD891C9423692BEA005F60AE /* NSURLSessionTask+HBUtils.m */,
				AD6EC453235D3A4100F3AC62 /* UIButton+HBUtils.h */,
				AD6EC460235D3A4100F3AC62 /* UIButton+HBUtils.m */,
				AD6EC464235D3A4100F3AC62 /* UICollectionView+HBUtils.h */,
				AD6EC456235D3A4100F3AC62 /* UICollectionView+HBUtils.m */,
				AD6EC463235D3A4100F3AC62 /* UIImage+HBUtils.h */,
				AD6EC457235D3A4100F3AC62 /* UIImage+HBUtils.m */,
				AD6EC462235D3A4100F3AC62 /* UILabel+HBUtils.h */,
				AD6EC451235D3A4100F3AC62 /* UILabel+HBUtils.m */,
				AD6EC45F235D3A4100F3AC62 /* UITableView+HBUtils.h */,
				AD6EC44B235D3A4100F3AC62 /* UITableView+HBUtils.m */,
				AD6EC459235D3A4100F3AC62 /* UITextField+HBUtils.h */,
				AD6EC44A235D3A4100F3AC62 /* UITextField+HBUtils.m */,
				AD6EC466235D3A4100F3AC62 /* UITextView+HBUtils.h */,
				AD6EC454235D3A4100F3AC62 /* UITextView+HBUtils.m */,
				AD6EC44E235D3A4100F3AC62 /* UIView+HBUtils.h */,
				AD6EC45C235D3A4100F3AC62 /* UIView+HBUtils.m */,
				AD95299A23668BC9000D8195 /* UIViewController+HBUtils.h */,
				AD95299B23668BC9000D8195 /* UIViewController+HBUtils.m */,
			);
			path = Categories;
			sourceTree = "<group>";
		};
		AD6EC4E5235D48DC00F3AC62 /* FastEasyMapping */ = {
			isa = PBXGroup;
			children = (
				AD6EC4E6235D48DC00F3AC62 /* Core */,
				AD6EC50A235D48DD00F3AC62 /* FastEasyMapping.h */,
				AD6EC50B235D48DD00F3AC62 /* Extensions */,
				AD6EC516235D48DD00F3AC62 /* Utility */,
			);
			path = FastEasyMapping;
			sourceTree = "<group>";
		};
		AD6EC4E6235D48DC00F3AC62 /* Core */ = {
			isa = PBXGroup;
			children = (
				AD6EC4E7235D48DC00F3AC62 /* Mapping */,
				AD6EC4FA235D48DC00F3AC62 /* Deserializer */,
				AD6EC4FF235D48DC00F3AC62 /* Serializer */,
				AD6EC502235D48DC00F3AC62 /* Cache */,
				AD6EC505235D48DD00F3AC62 /* Assignment Policy */,
			);
			path = Core;
			sourceTree = "<group>";
		};
		AD6EC4E7235D48DC00F3AC62 /* Mapping */ = {
			isa = PBXGroup;
			children = (
				AD6EC4E8235D48DC00F3AC62 /* Attribute */,
				AD6EC4EE235D48DC00F3AC62 /* FEMProperty.h */,
				AD6EC4EF235D48DC00F3AC62 /* FEMMapping.m */,
				AD6EC4F0235D48DC00F3AC62 /* Relationship */,
				AD6EC4F4235D48DC00F3AC62 /* Object */,
				AD6EC4F9235D48DC00F3AC62 /* FEMMapping.h */,
			);
			path = Mapping;
			sourceTree = "<group>";
		};
		AD6EC4E8235D48DC00F3AC62 /* Attribute */ = {
			isa = PBXGroup;
			children = (
				AD6EC4E9235D48DC00F3AC62 /* FEMAttributeMapping.h */,
				AD6EC4EA235D48DC00F3AC62 /* FEMAttribute+Extension.m */,
				AD6EC4EB235D48DC00F3AC62 /* FEMAttribute.h */,
				AD6EC4EC235D48DC00F3AC62 /* FEMAttribute+Extension.h */,
				AD6EC4ED235D48DC00F3AC62 /* FEMAttribute.m */,
			);
			path = Attribute;
			sourceTree = "<group>";
		};
		AD6EC4F0235D48DC00F3AC62 /* Relationship */ = {
			isa = PBXGroup;
			children = (
				AD6EC4F1235D48DC00F3AC62 /* FEMRelationshipMapping.h */,
				AD6EC4F2235D48DC00F3AC62 /* FEMRelationship.m */,
				AD6EC4F3235D48DC00F3AC62 /* FEMRelationship.h */,
			);
			path = Relationship;
			sourceTree = "<group>";
		};
		AD6EC4F4235D48DC00F3AC62 /* Object */ = {
			isa = PBXGroup;
			children = (
				AD6EC4F5235D48DC00F3AC62 /* FEMObjectMapping.h */,
				AD6EC4F6235D48DC00F3AC62 /* FEMManagedObjectMapping.h */,
				AD6EC4F7235D48DC00F3AC62 /* FEMObjectMapping.m */,
				AD6EC4F8235D48DC00F3AC62 /* FEMManagedObjectMapping.m */,
			);
			path = Object;
			sourceTree = "<group>";
		};
		AD6EC4FA235D48DC00F3AC62 /* Deserializer */ = {
			isa = PBXGroup;
			children = (
				AD6EC4FB235D48DC00F3AC62 /* FEMObjectDeserializer.h */,
				AD6EC4FC235D48DC00F3AC62 /* FEMManagedObjectDeserializer.m */,
				AD6EC4FD235D48DC00F3AC62 /* FEMObjectDeserializer.m */,
				AD6EC4FE235D48DC00F3AC62 /* FEMManagedObjectDeserializer.h */,
			);
			path = Deserializer;
			sourceTree = "<group>";
		};
		AD6EC4FF235D48DC00F3AC62 /* Serializer */ = {
			isa = PBXGroup;
			children = (
				AD6EC500235D48DC00F3AC62 /* FEMSerializer.m */,
				AD6EC501235D48DC00F3AC62 /* FEMSerializer.h */,
			);
			path = Serializer;
			sourceTree = "<group>";
		};
		AD6EC502235D48DC00F3AC62 /* Cache */ = {
			isa = PBXGroup;
			children = (
				AD6EC503235D48DC00F3AC62 /* FEMCache.h */,
				AD6EC504235D48DC00F3AC62 /* FEMCache.m */,
			);
			path = Cache;
			sourceTree = "<group>";
		};
		AD6EC505235D48DD00F3AC62 /* Assignment Policy */ = {
			isa = PBXGroup;
			children = (
				AD6EC506235D48DD00F3AC62 /* FEMAssignmentPolicy.h */,
				AD6EC507235D48DD00F3AC62 /* FEMAssignmentPolicyMetadata.h */,
				AD6EC508235D48DD00F3AC62 /* FEMAssignmentPolicyMetadata.m */,
				AD6EC509235D48DD00F3AC62 /* FEMAssignmentPolicy.m */,
			);
			path = "Assignment Policy";
			sourceTree = "<group>";
		};
		AD6EC50B235D48DD00F3AC62 /* Extensions */ = {
			isa = PBXGroup;
			children = (
				AD6EC50C235D48DD00F3AC62 /* Collection */,
				AD6EC511235D48DD00F3AC62 /* Foundation */,
			);
			path = Extensions;
			sourceTree = "<group>";
		};
		AD6EC50C235D48DD00F3AC62 /* Collection */ = {
			isa = PBXGroup;
			children = (
				AD6EC50D235D48DD00F3AC62 /* FEMExcludableCollection.m */,
				AD6EC50E235D48DD00F3AC62 /* FEMMergeableCollection.m */,
				AD6EC50F235D48DD00F3AC62 /* FEMExcludableCollection.h */,
				AD6EC510235D48DD00F3AC62 /* FEMMergeableCollection.h */,
			);
			path = Collection;
			sourceTree = "<group>";
		};
		AD6EC511235D48DD00F3AC62 /* Foundation */ = {
			isa = PBXGroup;
			children = (
				AD6EC512235D48DD00F3AC62 /* NSObject+FEMKVCExtension.m */,
				AD6EC513235D48DD00F3AC62 /* NSArray+FEMPropertyRepresentation.h */,
				AD6EC514235D48DD00F3AC62 /* NSObject+FEMKVCExtension.h */,
				AD6EC515235D48DD00F3AC62 /* NSArray+FEMPropertyRepresentation.m */,
			);
			path = Foundation;
			sourceTree = "<group>";
		};
		AD6EC516235D48DD00F3AC62 /* Utility */ = {
			isa = PBXGroup;
			children = (
				AD6EC517235D48DD00F3AC62 /* FEMTypes.h */,
				AD6EC518235D48DD00F3AC62 /* FEMTypeIntrospection.h */,
				AD6EC519235D48DD00F3AC62 /* FEMTypeIntrospection.m */,
			);
			path = Utility;
			sourceTree = "<group>";
		};
		AD80D9CB23535EB60069D78D /* Classes */ = {
			isa = PBXGroup;
			children = (
				AD891C84236927CC005F60AE /* SIAlertView */,
				AD6EC4E5235D48DC00F3AC62 /* FastEasyMapping */,
				AD6EC448235D3A4100F3AC62 /* Categories */,
				AD6EC444235D3A4100F3AC62 /* Others */,
				ADCEB6732359A1D400794BE5 /* BaseClasses */,
				ADEEA0162353706E00A91757 /* Extobjc */,
			);
			name = Classes;
			path = ../../Classes;
			sourceTree = "<group>";
		};
		AD891C84236927CC005F60AE /* SIAlertView */ = {
			isa = PBXGroup;
			children = (
				AD891C85236927CC005F60AE /* SIAlertView.m */,
				AD891C86236927CC005F60AE /* SIAlertView.bundle */,
				AD891C87236927CC005F60AE /* UIWindow+SIUtils.h */,
				AD891C88236927CC005F60AE /* SIAlertView.h */,
				AD891C89236927CC005F60AE /* UIWindow+SIUtils.m */,
			);
			path = SIAlertView;
			sourceTree = "<group>";
		};
		ADCEB6732359A1D400794BE5 /* BaseClasses */ = {
			isa = PBXGroup;
			children = (
				ADCEB6742359A1ED00794BE5 /* HBUtilsBaseCell.h */,
				ADCEB6752359A1ED00794BE5 /* HBUtilsBaseCell.m */,
				ADCEB6782359A28700794BE5 /* HBUtilsBaseCVC.h */,
				ADCEB6792359A28700794BE5 /* HBUtilsBaseCVC.m */,
				ADCEB67C2359A2F000794BE5 /* HBUtilsBaseVC.h */,
				ADCEB67D2359A2F000794BE5 /* HBUtilsBaseVC.m */,
				AD6EC440235D38D000F3AC62 /* HBUtilsBaseManagedObject.h */,
				AD6EC441235D38D000F3AC62 /* HBUtilsBaseManagedObject.m */,
				AD3D11392378675B00EBF470 /* HBUtilsBaseView.h */,
				AD3D113A2378675B00EBF470 /* HBUtilsBaseView.m */,
				AD3D113D237867B700EBF470 /* HBUtilsBaseFormSheetVC.h */,
				AD3D113E237867B700EBF470 /* HBUtilsBaseFormSheetVC.m */,
			);
			path = BaseClasses;
			sourceTree = "<group>";
		};
		ADEEA0162353706E00A91757 /* Extobjc */ = {
			isa = PBXGroup;
			children = (
				ADEEA0172353706E00A91757 /* EXTRuntimeExtensions.h */,
				ADEEA01A2353706E00A91757 /* EXTRuntimeExtensions.m */,
				ADEEA01B2353706E00A91757 /* EXTScope.h */,
				ADEEA0192353706E00A91757 /* EXTScope.m */,
				ADEEA0182353706E00A91757 /* metamacros.h */,
			);
			path = Extobjc;
			sourceTree = "<group>";
		};
		EFA303144CB7F88E3DACD216 /* Pods */ = {
			isa = PBXGroup;
			children = (
				085D8A1E761EA5398EC14921 /* Pods-HBUtils.debug.xcconfig */,
				9480253D6B42A85A50E0CE0C /* Pods-HBUtils.release.xcconfig */,
			);
			path = Pods;
			sourceTree = "<group>";
		};
/* End PBXGroup section */

/* Begin PBXHeadersBuildPhase section */
		AD038C862340DE7400E5668E /* Headers */ = {
			isa = PBXHeadersBuildPhase;
			buildActionMask = 2147483647;
			files = (
				ADEEA01C2353706E00A91757 /* EXTRuntimeExtensions.h in Headers */,
				AD6EC47F235D3A4100F3AC62 /* NSArray+HBUtils.h in Headers */,
				AD6EC535235D48DD00F3AC62 /* FastEasyMapping.h in Headers */,
				AD6EC480235D3A4100F3AC62 /* UITableView+HBUtils.h in Headers */,
				AD6EC524235D48DD00F3AC62 /* FEMObjectMapping.h in Headers */,
				AD6EC46F235D3A4100F3AC62 /* UIView+HBUtils.h in Headers */,
				AD6EC532235D48DD00F3AC62 /* FEMAssignmentPolicyMetadata.h in Headers */,
				AD6EC469235D3A4100F3AC62 /* HBDefineColor.h in Headers */,
				AD6EC538235D48DD00F3AC62 /* FEMExcludableCollection.h in Headers */,
				AD6EC52F235D48DD00F3AC62 /* FEMCache.h in Headers */,
				AD6EC46A235D3A4100F3AC62 /* NSDictionary+HBUtils.h in Headers */,
				AD6EC486235D3A4100F3AC62 /* NSString+HBUtils.h in Headers */,
				AD891C82236925AE005F60AE /* HBUtilities+Alert.h in Headers */,
				AD6EC474235D3A4100F3AC62 /* UIButton+HBUtils.h in Headers */,
				AD6EC539235D48DD00F3AC62 /* FEMMergeableCollection.h in Headers */,
				AD6EC442235D38D000F3AC62 /* HBUtilsBaseManagedObject.h in Headers */,
				AD3D113F237867B700EBF470 /* HBUtilsBaseFormSheetVC.h in Headers */,
				AD891C8D236927CC005F60AE /* SIAlertView.h in Headers */,
				AD6EC523235D48DD00F3AC62 /* FEMRelationship.h in Headers */,
				AD3D113B2378675B00EBF470 /* HBUtilsBaseView.h in Headers */,
				AD6EC51A235D48DD00F3AC62 /* FEMAttributeMapping.h in Headers */,
				AD6EC51D235D48DD00F3AC62 /* FEMAttribute+Extension.h in Headers */,
				AD6EC483235D3A4100F3AC62 /* UILabel+HBUtils.h in Headers */,
				AD6EC528235D48DD00F3AC62 /* FEMMapping.h in Headers */,
				AD6EC521235D48DD00F3AC62 /* FEMRelationshipMapping.h in Headers */,
				ADEEA01D2353706E00A91757 /* metamacros.h in Headers */,
				AD95299C23668BC9000D8195 /* UIViewController+HBUtils.h in Headers */,
				AD038C902340DE7400E5668E /* HBUtils.h in Headers */,
				AD6EC467235D3A4100F3AC62 /* HBUtilsMacros.h in Headers */,
				AD6EC484235D3A4100F3AC62 /* UIImage+HBUtils.h in Headers */,
				AD891C8C236927CC005F60AE /* UIWindow+SIUtils.h in Headers */,
				ADCEB6762359A1ED00794BE5 /* HBUtilsBaseCell.h in Headers */,
				AD6EC52E235D48DD00F3AC62 /* FEMSerializer.h in Headers */,
				AD6EC482235D3A4100F3AC62 /* NSNumber+HBUtils.h in Headers */,
				AD8D6785236A899700DA954D /* HBUtils-Bridging-Header.h in Headers */,
				AD6EC471235D3A4100F3AC62 /* NSObject+HBUtils.h in Headers */,
				AD6EC47C235D3A4100F3AC62 /* NSDate+HBUtils.h in Headers */,
				AD891C9723692BEB005F60AE /* NSError+HBUtils.h in Headers */,
				AD6EC487235D3A4100F3AC62 /* UITextView+HBUtils.h in Headers */,
				AD6EC51C235D48DD00F3AC62 /* FEMAttribute.h in Headers */,
				AD6EC53C235D48DD00F3AC62 /* NSObject+FEMKVCExtension.h in Headers */,
				ADCEB67A2359A28700794BE5 /* HBUtilsBaseCVC.h in Headers */,
				AD6EC53F235D48DD00F3AC62 /* FEMTypeIntrospection.h in Headers */,
				AD9529A023668CBC000D8195 /* HBUtilities.h in Headers */,
				ADCEB67E2359A2F000794BE5 /* HBUtilsBaseVC.h in Headers */,
				AD6EC53E235D48DD00F3AC62 /* FEMTypes.h in Headers */,
				AD6EC485235D3A4100F3AC62 /* UICollectionView+HBUtils.h in Headers */,
				AD6EC47E235D3A4100F3AC62 /* NSAttributedString+HBUtils.h in Headers */,
				AD6EC53B235D48DD00F3AC62 /* NSArray+FEMPropertyRepresentation.h in Headers */,
				AD6EC529235D48DD00F3AC62 /* FEMObjectDeserializer.h in Headers */,
				ADEEA0202353706E00A91757 /* EXTScope.h in Headers */,
				AD6EC47A235D3A4100F3AC62 /* UITextField+HBUtils.h in Headers */,
				AD6EC51F235D48DD00F3AC62 /* FEMProperty.h in Headers */,
				AD6EC525235D48DD00F3AC62 /* FEMManagedObjectMapping.h in Headers */,
				AD6EC52C235D48DD00F3AC62 /* FEMManagedObjectDeserializer.h in Headers */,
				AD6EC531235D48DD00F3AC62 /* FEMAssignmentPolicy.h in Headers */,
				AD891CA123692FF6005F60AE /* HBUtiliyAPIManager.h in Headers */,
				AD891C9A23692BEB005F60AE /* NSURLSessionTask+HBUtils.h in Headers */,
			);
			runOnlyForDeploymentPostprocessing = 0;
		};
/* End PBXHeadersBuildPhase section */

/* Begin PBXNativeTarget section */
		AD038C8A2340DE7400E5668E /* HBUtils */ = {
			isa = PBXNativeTarget;
			buildConfigurationList = AD038C932340DE7400E5668E /* Build configuration list for PBXNativeTarget "HBUtils" */;
			buildPhases = (
				D66E2AF0BC5EE1C3E1107B4E /* [CP] Check Pods Manifest.lock */,
				AD038C862340DE7400E5668E /* Headers */,
				AD038C872340DE7400E5668E /* Sources */,
				AD038C882340DE7400E5668E /* Frameworks */,
				AD038C892340DE7400E5668E /* Resources */,
			);
			buildRules = (
			);
			dependencies = (
			);
			name = HBUtils;
			productName = HBUtils;
			productReference = AD038C8B2340DE7400E5668E /* HBUtils.framework */;
			productType = "com.apple.product-type.framework";
		};
/* End PBXNativeTarget section */

/* Begin PBXProject section */
		AD038C822340DE7400E5668E /* Project object */ = {
			isa = PBXProject;
			attributes = {
				LastUpgradeCheck = 1020;
				ORGANIZATIONNAME = HB;
				TargetAttributes = {
					AD038C8A2340DE7400E5668E = {
						CreatedOnToolsVersion = 10.2.1;
					};
				};
			};
			buildConfigurationList = AD038C852340DE7400E5668E /* Build configuration list for PBXProject "HBUtils" */;
			compatibilityVersion = "Xcode 9.3";
			developmentRegion = en;
			hasScannedForEncodings = 0;
			knownRegions = (
				en,
			);
			mainGroup = AD038C812340DE7400E5668E;
			productRefGroup = AD038C8C2340DE7400E5668E /* Products */;
			projectDirPath = "";
			projectRoot = "";
			targets = (
				AD038C8A2340DE7400E5668E /* HBUtils */,
			);
		};
/* End PBXProject section */

/* Begin PBXResourcesBuildPhase section */
		AD038C892340DE7400E5668E /* Resources */ = {
			isa = PBXResourcesBuildPhase;
			buildActionMask = 2147483647;
			files = (
				AD80D9D9235368020069D78D /* hbutils.podspec in Resources */,
				AD891C8B236927CC005F60AE /* SIAlertView.bundle in Resources */,
			);
			runOnlyForDeploymentPostprocessing = 0;
		};
/* End PBXResourcesBuildPhase section */

/* Begin PBXShellScriptBuildPhase section */
		D66E2AF0BC5EE1C3E1107B4E /* [CP] Check Pods Manifest.lock */ = {
			isa = PBXShellScriptBuildPhase;
			buildActionMask = 2147483647;
			files = (
			);
			inputFileListPaths = (
			);
			inputPaths = (
				"${PODS_PODFILE_DIR_PATH}/Podfile.lock",
				"${PODS_ROOT}/Manifest.lock",
			);
			name = "[CP] Check Pods Manifest.lock";
			outputFileListPaths = (
			);
			outputPaths = (
				"$(DERIVED_FILE_DIR)/Pods-HBUtils-checkManifestLockResult.txt",
			);
			runOnlyForDeploymentPostprocessing = 0;
			shellPath = /bin/sh;
			shellScript = "diff \"${PODS_PODFILE_DIR_PATH}/Podfile.lock\" \"${PODS_ROOT}/Manifest.lock\" > /dev/null\nif [ $? != 0 ] ; then\n    # print error to STDERR\n    echo \"error: The sandbox is not in sync with the Podfile.lock. Run 'pod install' or update your CocoaPods installation.\" >&2\n    exit 1\nfi\n# This output is used by Xcode 'outputs' to avoid re-running this script phase.\necho \"SUCCESS\" > \"${SCRIPT_OUTPUT_FILE_0}\"\n";
			showEnvVarsInLog = 0;
		};
/* End PBXShellScriptBuildPhase section */

/* Begin PBXSourcesBuildPhase section */
		AD038C872340DE7400E5668E /* Sources */ = {
			isa = PBXSourcesBuildPhase;
			buildActionMask = 2147483647;
			files = (
				AD6EC53A235D48DD00F3AC62 /* NSObject+FEMKVCExtension.m in Sources */,
				AD891C9923692BEB005F60AE /* NSError+HBUtils.m in Sources */,
				AD95299D23668BC9000D8195 /* UIViewController+HBUtils.m in Sources */,
				AD6EC527235D48DD00F3AC62 /* FEMManagedObjectMapping.m in Sources */,
				ADEEA01E2353706E00A91757 /* EXTScope.m in Sources */,
				AD891C8E236927CC005F60AE /* UIWindow+SIUtils.m in Sources */,
				AD6EC46D235D3A4100F3AC62 /* NSAttributedString+HBUtils.m in Sources */,
				AD6EC47D235D3A4100F3AC62 /* UIView+HBUtils.m in Sources */,
				AD6EC526235D48DD00F3AC62 /* FEMObjectMapping.m in Sources */,
				ADCEB67B2359A28700794BE5 /* HBUtilsBaseCVC.m in Sources */,
				AD6EC475235D3A4100F3AC62 /* UITextView+HBUtils.m in Sources */,
				AD6EC52A235D48DD00F3AC62 /* FEMManagedObjectDeserializer.m in Sources */,
				AD891C83236925AE005F60AE /* HBUtilities+Alert.m in Sources */,
				AD6EC473235D3A4100F3AC62 /* NSNumber+HBUtils.m in Sources */,
				AD6EC478235D3A4100F3AC62 /* UIImage+HBUtils.m in Sources */,
				AD6EC520235D48DD00F3AC62 /* FEMMapping.m in Sources */,
				AD9529A123668CBC000D8195 /* HBUtilities.m in Sources */,
				AD6EC52D235D48DD00F3AC62 /* FEMSerializer.m in Sources */,
				AD6EC468235D3A4100F3AC62 /* HBUtilsMacros.m in Sources */,
				AD6EC47B235D3A4100F3AC62 /* NSObject+HBUtils.m in Sources */,
				ADEEA01F2353706E00A91757 /* EXTRuntimeExtensions.m in Sources */,
				AD6EC479235D3A4100F3AC62 /* NSDictionary+HBUtils.m in Sources */,
				AD6EC53D235D48DD00F3AC62 /* NSArray+FEMPropertyRepresentation.m in Sources */,
				AD6EC536235D48DD00F3AC62 /* FEMExcludableCollection.m in Sources */,
				AD6EC51B235D48DD00F3AC62 /* FEMAttribute+Extension.m in Sources */,
				AD6EC530235D48DD00F3AC62 /* FEMCache.m in Sources */,
				AD6EC533235D48DD00F3AC62 /* FEMAssignmentPolicyMetadata.m in Sources */,
				AD6EC477235D3A4100F3AC62 /* UICollectionView+HBUtils.m in Sources */,
				AD891C8A236927CC005F60AE /* SIAlertView.m in Sources */,
				AD6EC443235D38D000F3AC62 /* HBUtilsBaseManagedObject.m in Sources */,
				AD6EC46C235D3A4100F3AC62 /* UITableView+HBUtils.m in Sources */,
				AD6EC46E235D3A4100F3AC62 /* NSArray+HBUtils.m in Sources */,
				AD6EC52B235D48DD00F3AC62 /* FEMObjectDeserializer.m in Sources */,
				AD3D1140237867B700EBF470 /* HBUtilsBaseFormSheetVC.m in Sources */,
				AD6EC470235D3A4100F3AC62 /* NSDate+HBUtils.m in Sources */,
				AD3D113C2378675B00EBF470 /* HBUtilsBaseView.m in Sources */,
				AD6EC476235D3A4100F3AC62 /* NSString+HBUtils.m in Sources */,
				AD6EC481235D3A4100F3AC62 /* UIButton+HBUtils.m in Sources */,
				AD6EC522235D48DD00F3AC62 /* FEMRelationship.m in Sources */,
				AD891C9823692BEB005F60AE /* NSURLSessionTask+HBUtils.m in Sources */,
				AD6EC46B235D3A4100F3AC62 /* UITextField+HBUtils.m in Sources */,
				ADCEB6772359A1ED00794BE5 /* HBUtilsBaseCell.m in Sources */,
				AD6EC537235D48DD00F3AC62 /* FEMMergeableCollection.m in Sources */,
				AD6EC51E235D48DD00F3AC62 /* FEMAttribute.m in Sources */,
				AD6EC472235D3A4100F3AC62 /* UILabel+HBUtils.m in Sources */,
				ADCEB67F2359A2F000794BE5 /* HBUtilsBaseVC.m in Sources */,
				AD6EC540235D48DD00F3AC62 /* FEMTypeIntrospection.m in Sources */,
				AD891CA223692FF6005F60AE /* HBUtiliyAPIManager.m in Sources */,
				AD6EC534235D48DD00F3AC62 /* FEMAssignmentPolicy.m in Sources */,
			);
			runOnlyForDeploymentPostprocessing = 0;
		};
/* End PBXSourcesBuildPhase section */

/* Begin XCBuildConfiguration section */
		AD038C912340DE7400E5668E /* Debug */ = {
			isa = XCBuildConfiguration;
			buildSettings = {
				ALWAYS_SEARCH_USER_PATHS = NO;
				CLANG_ANALYZER_NONNULL = YES;
				CLANG_ANALYZER_NUMBER_OBJECT_CONVERSION = YES_AGGRESSIVE;
				CLANG_CXX_LANGUAGE_STANDARD = "gnu++14";
				CLANG_CXX_LIBRARY = "libc++";
				CLANG_ENABLE_MODULES = YES;
				CLANG_ENABLE_OBJC_ARC = YES;
				CLANG_ENABLE_OBJC_WEAK = YES;
				CLANG_WARN_BLOCK_CAPTURE_AUTORELEASING = YES;
				CLANG_WARN_BOOL_CONVERSION = YES;
				CLANG_WARN_COMMA = YES;
				CLANG_WARN_CONSTANT_CONVERSION = YES;
				CLANG_WARN_DEPRECATED_OBJC_IMPLEMENTATIONS = YES;
				CLANG_WARN_DIRECT_OBJC_ISA_USAGE = YES_ERROR;
				CLANG_WARN_DOCUMENTATION_COMMENTS = YES;
				CLANG_WARN_EMPTY_BODY = YES;
				CLANG_WARN_ENUM_CONVERSION = YES;
				CLANG_WARN_INFINITE_RECURSION = YES;
				CLANG_WARN_INT_CONVERSION = YES;
				CLANG_WARN_NON_LITERAL_NULL_CONVERSION = YES;
				CLANG_WARN_OBJC_IMPLICIT_RETAIN_SELF = YES;
				CLANG_WARN_OBJC_LITERAL_CONVERSION = YES;
				CLANG_WARN_OBJC_ROOT_CLASS = YES_ERROR;
				CLANG_WARN_RANGE_LOOP_ANALYSIS = YES;
				CLANG_WARN_STRICT_PROTOTYPES = YES;
				CLANG_WARN_SUSPICIOUS_MOVE = YES;
				CLANG_WARN_UNGUARDED_AVAILABILITY = YES_AGGRESSIVE;
				CLANG_WARN_UNREACHABLE_CODE = YES;
				CLANG_WARN__DUPLICATE_METHOD_MATCH = YES;
				CODE_SIGN_IDENTITY = "iPhone Developer";
				COPY_PHASE_STRIP = NO;
				CURRENT_PROJECT_VERSION = 1;
				DEBUG_INFORMATION_FORMAT = dwarf;
				ENABLE_STRICT_OBJC_MSGSEND = YES;
				ENABLE_TESTABILITY = YES;
				GCC_C_LANGUAGE_STANDARD = gnu11;
				GCC_DYNAMIC_NO_PIC = NO;
				GCC_NO_COMMON_BLOCKS = YES;
				GCC_OPTIMIZATION_LEVEL = 0;
				GCC_PREPROCESSOR_DEFINITIONS = (
					"DEBUG=1",
					"$(inherited)",
				);
				GCC_WARN_64_TO_32_BIT_CONVERSION = YES;
				GCC_WARN_ABOUT_RETURN_TYPE = YES_ERROR;
				GCC_WARN_UNDECLARED_SELECTOR = YES;
				GCC_WARN_UNINITIALIZED_AUTOS = YES_AGGRESSIVE;
				GCC_WARN_UNUSED_FUNCTION = YES;
				GCC_WARN_UNUSED_VARIABLE = YES;
				IPHONEOS_DEPLOYMENT_TARGET = 12.2;
				MTL_ENABLE_DEBUG_INFO = INCLUDE_SOURCE;
				MTL_FAST_MATH = YES;
				ONLY_ACTIVE_ARCH = YES;
				SDKROOT = iphoneos;
				SWIFT_VERSION = 5.0;
				VERSIONING_SYSTEM = "apple-generic";
				VERSION_INFO_PREFIX = "";
			};
			name = Debug;
		};
		AD038C922340DE7400E5668E /* Release */ = {
			isa = XCBuildConfiguration;
			buildSettings = {
				ALWAYS_SEARCH_USER_PATHS = NO;
				CLANG_ANALYZER_NONNULL = YES;
				CLANG_ANALYZER_NUMBER_OBJECT_CONVERSION = YES_AGGRESSIVE;
				CLANG_CXX_LANGUAGE_STANDARD = "gnu++14";
				CLANG_CXX_LIBRARY = "libc++";
				CLANG_ENABLE_MODULES = YES;
				CLANG_ENABLE_OBJC_ARC = YES;
				CLANG_ENABLE_OBJC_WEAK = YES;
				CLANG_WARN_BLOCK_CAPTURE_AUTORELEASING = YES;
				CLANG_WARN_BOOL_CONVERSION = YES;
				CLANG_WARN_COMMA = YES;
				CLANG_WARN_CONSTANT_CONVERSION = YES;
				CLANG_WARN_DEPRECATED_OBJC_IMPLEMENTATIONS = YES;
				CLANG_WARN_DIRECT_OBJC_ISA_USAGE = YES_ERROR;
				CLANG_WARN_DOCUMENTATION_COMMENTS = YES;
				CLANG_WARN_EMPTY_BODY = YES;
				CLANG_WARN_ENUM_CONVERSION = YES;
				CLANG_WARN_INFINITE_RECURSION = YES;
				CLANG_WARN_INT_CONVERSION = YES;
				CLANG_WARN_NON_LITERAL_NULL_CONVERSION = YES;
				CLANG_WARN_OBJC_IMPLICIT_RETAIN_SELF = YES;
				CLANG_WARN_OBJC_LITERAL_CONVERSION = YES;
				CLANG_WARN_OBJC_ROOT_CLASS = YES_ERROR;
				CLANG_WARN_RANGE_LOOP_ANALYSIS = YES;
				CLANG_WARN_STRICT_PROTOTYPES = YES;
				CLANG_WARN_SUSPICIOUS_MOVE = YES;
				CLANG_WARN_UNGUARDED_AVAILABILITY = YES_AGGRESSIVE;
				CLANG_WARN_UNREACHABLE_CODE = YES;
				CLANG_WARN__DUPLICATE_METHOD_MATCH = YES;
				CODE_SIGN_IDENTITY = "iPhone Developer";
				COPY_PHASE_STRIP = NO;
				CURRENT_PROJECT_VERSION = 1;
				DEBUG_INFORMATION_FORMAT = "dwarf-with-dsym";
				ENABLE_NS_ASSERTIONS = NO;
				ENABLE_STRICT_OBJC_MSGSEND = YES;
				GCC_C_LANGUAGE_STANDARD = gnu11;
				GCC_NO_COMMON_BLOCKS = YES;
				GCC_WARN_64_TO_32_BIT_CONVERSION = YES;
				GCC_WARN_ABOUT_RETURN_TYPE = YES_ERROR;
				GCC_WARN_UNDECLARED_SELECTOR = YES;
				GCC_WARN_UNINITIALIZED_AUTOS = YES_AGGRESSIVE;
				GCC_WARN_UNUSED_FUNCTION = YES;
				GCC_WARN_UNUSED_VARIABLE = YES;
				IPHONEOS_DEPLOYMENT_TARGET = 12.2;
				MTL_ENABLE_DEBUG_INFO = NO;
				MTL_FAST_MATH = YES;
				SDKROOT = iphoneos;
				SWIFT_VERSION = 5.0;
				VALIDATE_PRODUCT = YES;
				VERSIONING_SYSTEM = "apple-generic";
				VERSION_INFO_PREFIX = "";
			};
			name = Release;
		};
		AD038C942340DE7400E5668E /* Debug */ = {
			isa = XCBuildConfiguration;
			baseConfigurationReference = 085D8A1E761EA5398EC14921 /* Pods-HBUtils.debug.xcconfig */;
			buildSettings = {
				CODE_SIGN_IDENTITY = "";
				CODE_SIGN_STYLE = Manual;
				DEFINES_MODULE = YES;
				DEVELOPMENT_TEAM = "";
				DYLIB_COMPATIBILITY_VERSION = 1;
				DYLIB_CURRENT_VERSION = 1;
				DYLIB_INSTALL_NAME_BASE = "@rpath";
				FRAMEWORK_SEARCH_PATHS = (
					"$(inherited)",
					"$(PROJECT_DIR)",
					"$(PROJECT_DIR)/VendoredFrameworks",
				);
				INFOPLIST_FILE = HBUtils/Info.plist;
				INSTALL_PATH = "$(LOCAL_LIBRARY_DIR)/Frameworks";
				IPHONEOS_DEPLOYMENT_TARGET = 10.0;
				LD_RUNPATH_SEARCH_PATHS = (
					"$(inherited)",
					"@executable_path/Frameworks",
					"@loader_path/Frameworks",
				);
				PRODUCT_BUNDLE_IDENTIFIER = HB.HBUtils;
				PRODUCT_NAME = "$(TARGET_NAME:c99extidentifier)";
				PROVISIONING_PROFILE_SPECIFIER = "";
				SKIP_INSTALL = YES;
				TARGETED_DEVICE_FAMILY = "1,2";
			};
			name = Debug;
		};
		AD038C952340DE7400E5668E /* Release */ = {
			isa = XCBuildConfiguration;
			baseConfigurationReference = 9480253D6B42A85A50E0CE0C /* Pods-HBUtils.release.xcconfig */;
			buildSettings = {
				CODE_SIGN_IDENTITY = "";
				CODE_SIGN_STYLE = Manual;
				DEFINES_MODULE = YES;
				DEVELOPMENT_TEAM = "";
				DYLIB_COMPATIBILITY_VERSION = 1;
				DYLIB_CURRENT_VERSION = 1;
				DYLIB_INSTALL_NAME_BASE = "@rpath";
				FRAMEWORK_SEARCH_PATHS = (
					"$(inherited)",
					"$(PROJECT_DIR)",
					"$(PROJECT_DIR)/VendoredFrameworks",
				);
				INFOPLIST_FILE = HBUtils/Info.plist;
				INSTALL_PATH = "$(LOCAL_LIBRARY_DIR)/Frameworks";
				IPHONEOS_DEPLOYMENT_TARGET = 10.0;
				LD_RUNPATH_SEARCH_PATHS = (
					"$(inherited)",
					"@executable_path/Frameworks",
					"@loader_path/Frameworks",
				);
				PRODUCT_BUNDLE_IDENTIFIER = HB.HBUtils;
				PRODUCT_NAME = "$(TARGET_NAME:c99extidentifier)";
				PROVISIONING_PROFILE_SPECIFIER = "";
				SKIP_INSTALL = YES;
				TARGETED_DEVICE_FAMILY = "1,2";
			};
			name = Release;
		};
/* End XCBuildConfiguration section */

/* Begin XCConfigurationList section */
		AD038C852340DE7400E5668E /* Build configuration list for PBXProject "HBUtils" */ = {
			isa = XCConfigurationList;
			buildConfigurations = (
				AD038C912340DE7400E5668E /* Debug */,
				AD038C922340DE7400E5668E /* Release */,
			);
			defaultConfigurationIsVisible = 0;
			defaultConfigurationName = Release;
		};
		AD038C932340DE7400E5668E /* Build configuration list for PBXNativeTarget "HBUtils" */ = {
			isa = XCConfigurationList;
			buildConfigurations = (
				AD038C942340DE7400E5668E /* Debug */,
				AD038C952340DE7400E5668E /* Release */,
			);
			defaultConfigurationIsVisible = 0;
			defaultConfigurationName = Release;
		};
/* End XCConfigurationList section */
	};
	rootObject = AD038C822340DE7400E5668E /* Project object */;
}
